// !$*UTF8*$!
{
	archiveVersion = 1;
	classes = {
	};
	objectVersion = 55;
	objects = {

/* Begin PBXBuildFile section */
		840684172916A9E200A30517 /* DuplicateModel.swift in Sources */ = {isa = PBXBuildFile; fileRef = 840684162916A9E200A30517 /* DuplicateModel.swift */; };
		840684192916A9F100A30517 /* DuplicateDataManager.swift in Sources */ = {isa = PBXBuildFile; fileRef = 840684182916A9F100A30517 /* DuplicateDataManager.swift */; };
		840684212916E67F00A30517 /* SignInViewController.swift in Sources */ = {isa = PBXBuildFile; fileRef = 8406841F2916E67F00A30517 /* SignInViewController.swift */; };
		840684222916E67F00A30517 /* SignInViewController.xib in Resources */ = {isa = PBXBuildFile; fileRef = 840684202916E67F00A30517 /* SignInViewController.xib */; };
		840684262919EF7300A30517 /* AddRockViewController.swift in Sources */ = {isa = PBXBuildFile; fileRef = 840684242919EF7300A30517 /* AddRockViewController.swift */; };
		840684272919EF7300A30517 /* AddRockViewController.xib in Resources */ = {isa = PBXBuildFile; fileRef = 840684252919EF7300A30517 /* AddRockViewController.xib */; };
		8406842F2919F8AD00A30517 /* UIWindow.swift in Sources */ = {isa = PBXBuildFile; fileRef = 8406842E2919F8AD00A30517 /* UIWindow.swift */; };
		84068438291A039100A30517 /* CalendarPopUpViewController.swift in Sources */ = {isa = PBXBuildFile; fileRef = 84068436291A039100A30517 /* CalendarPopUpViewController.swift */; };
		84068439291A039100A30517 /* CalendarPopUpViewController.xib in Resources */ = {isa = PBXBuildFile; fileRef = 84068437291A039100A30517 /* CalendarPopUpViewController.xib */; };
		8406843D291A41B600A30517 /* PostHighlightReq.swift in Sources */ = {isa = PBXBuildFile; fileRef = 8406843C291A41B600A30517 /* PostHighlightReq.swift */; };
		8406843F291A41C400A30517 /* PostHighlightRes.swift in Sources */ = {isa = PBXBuildFile; fileRef = 8406843E291A41C400A30517 /* PostHighlightRes.swift */; };
		84068443291A83ED00A30517 /* OptionViewController.swift in Sources */ = {isa = PBXBuildFile; fileRef = 84068441291A83ED00A30517 /* OptionViewController.swift */; };
		84068444291A83ED00A30517 /* OptionViewController.xib in Resources */ = {isa = PBXBuildFile; fileRef = 84068442291A83ED00A30517 /* OptionViewController.xib */; };
		84068448291AA4ED00A30517 /* LogoutViewController.swift in Sources */ = {isa = PBXBuildFile; fileRef = 84068446291AA4ED00A30517 /* LogoutViewController.swift */; };
		84068449291AA4ED00A30517 /* LogoutViewController.xib in Resources */ = {isa = PBXBuildFile; fileRef = 84068447291AA4ED00A30517 /* LogoutViewController.xib */; };
		8406844D291AB74B00A30517 /* SignWithdrawalViewController.swift in Sources */ = {isa = PBXBuildFile; fileRef = 8406844B291AB74B00A30517 /* SignWithdrawalViewController.swift */; };
		8406844E291AB74B00A30517 /* SignWithdrawalViewController.xib in Resources */ = {isa = PBXBuildFile; fileRef = 8406844C291AB74B00A30517 /* SignWithdrawalViewController.xib */; };
		84068451291B2BF300A30517 /* SignWithdrawalModel.swift in Sources */ = {isa = PBXBuildFile; fileRef = 84068450291B2BF300A30517 /* SignWithdrawalModel.swift */; };
		84068454291B2C6600A30517 /* PostSignWithdrawalDataManager.swift in Sources */ = {isa = PBXBuildFile; fileRef = 84068453291B2C6600A30517 /* PostSignWithdrawalDataManager.swift */; };
		84068458291BA97800A30517 /* OnboardingViewController.swift in Sources */ = {isa = PBXBuildFile; fileRef = 84068456291BA97800A30517 /* OnboardingViewController.swift */; };
		84068459291BA97800A30517 /* OnboardingViewController.xib in Resources */ = {isa = PBXBuildFile; fileRef = 84068457291BA97800A30517 /* OnboardingViewController.xib */; };
		8439D46328F0B97000D9161C /* UITextField.swift in Sources */ = {isa = PBXBuildFile; fileRef = 8439D46228F0B96F00D9161C /* UITextField.swift */; };
		846BA200291D32770058A763 /* AddPebbleTableViewCell.swift in Sources */ = {isa = PBXBuildFile; fileRef = 846BA1FE291D32770058A763 /* AddPebbleTableViewCell.swift */; };
		846BA201291D32770058A763 /* AddPebbleTableViewCell.xib in Resources */ = {isa = PBXBuildFile; fileRef = 846BA1FF291D32770058A763 /* AddPebbleTableViewCell.xib */; };
		846BA205291E1A8B0058A763 /* RockCollectionViewCell.swift in Sources */ = {isa = PBXBuildFile; fileRef = 846BA203291E1A8B0058A763 /* RockCollectionViewCell.swift */; };
		846BA206291E1A8B0058A763 /* RockCollectionViewCell.xib in Resources */ = {isa = PBXBuildFile; fileRef = 846BA204291E1A8B0058A763 /* RockCollectionViewCell.xib */; };
		846BA20B291E1D900058A763 /* RockInfoModel.swift in Sources */ = {isa = PBXBuildFile; fileRef = 846BA20A291E1D900058A763 /* RockInfoModel.swift */; };
		846BA20F291E1DF90058A763 /* GetRockInfoDataManager.swift in Sources */ = {isa = PBXBuildFile; fileRef = 846BA20E291E1DF90058A763 /* GetRockInfoDataManager.swift */; };
		846BA212291E31360058A763 /* RockDetailViewController.swift in Sources */ = {isa = PBXBuildFile; fileRef = 846BA210291E31360058A763 /* RockDetailViewController.swift */; };
		846BA213291E31360058A763 /* RockDetailViewController.xib in Resources */ = {isa = PBXBuildFile; fileRef = 846BA211291E31360058A763 /* RockDetailViewController.xib */; };
		847B78A428E5E8D3000DC20A /* AppDelegate.swift in Sources */ = {isa = PBXBuildFile; fileRef = 847B78A328E5E8D3000DC20A /* AppDelegate.swift */; };
		847B78B028E5E8D6000DC20A /* LaunchScreen.storyboard in Resources */ = {isa = PBXBuildFile; fileRef = 847B78AE28E5E8D6000DC20A /* LaunchScreen.storyboard */; };
		847B78BE28E9DA54000DC20A /* Constant.swift in Sources */ = {isa = PBXBuildFile; fileRef = 847B78BD28E9DA54000DC20A /* Constant.swift */; };
		847B78C028E9DA65000DC20A /* BaseViewController.swift in Sources */ = {isa = PBXBuildFile; fileRef = 847B78BF28E9DA65000DC20A /* BaseViewController.swift */; };
		847B78C228E9DA72000DC20A /* BaseTabbarViewController.swift in Sources */ = {isa = PBXBuildFile; fileRef = 847B78C128E9DA72000DC20A /* BaseTabbarViewController.swift */; };
		847B78C828E9DA94000DC20A /* Date.swift in Sources */ = {isa = PBXBuildFile; fileRef = 847B78C728E9DA94000DC20A /* Date.swift */; };
		847B78CA28E9DA9B000DC20A /* UIColor.swift in Sources */ = {isa = PBXBuildFile; fileRef = 847B78C928E9DA9B000DC20A /* UIColor.swift */; };
		847B78CC28E9DAA6000DC20A /* String.swift in Sources */ = {isa = PBXBuildFile; fileRef = 847B78CB28E9DAA6000DC20A /* String.swift */; };
		847B78CE28E9DAAE000DC20A /* UIButton.swift in Sources */ = {isa = PBXBuildFile; fileRef = 847B78CD28E9DAAE000DC20A /* UIButton.swift */; };
		847B78D028E9DAC3000DC20A /* UIViewController.swift in Sources */ = {isa = PBXBuildFile; fileRef = 847B78CF28E9DAC3000DC20A /* UIViewController.swift */; };
		847B78D228E9DAD6000DC20A /* UINavigationBar.swift in Sources */ = {isa = PBXBuildFile; fileRef = 847B78D128E9DAD6000DC20A /* UINavigationBar.swift */; };
		847B78D428E9DADC000DC20A /* UIFont.swift in Sources */ = {isa = PBXBuildFile; fileRef = 847B78D328E9DADC000DC20A /* UIFont.swift */; };
		847B78D628E9DAE7000DC20A /* UIImage.swift in Sources */ = {isa = PBXBuildFile; fileRef = 847B78D528E9DAE7000DC20A /* UIImage.swift */; };
		847B78D828E9DAED000DC20A /* UIImageView.swift in Sources */ = {isa = PBXBuildFile; fileRef = 847B78D728E9DAED000DC20A /* UIImageView.swift */; };
		847B78DA28E9DAF1000DC20A /* UIView.swift in Sources */ = {isa = PBXBuildFile; fileRef = 847B78D928E9DAF1000DC20A /* UIView.swift */; };
		847B78DC28E9DAFE000DC20A /* Device.swift in Sources */ = {isa = PBXBuildFile; fileRef = 847B78DB28E9DAFE000DC20A /* Device.swift */; };
		847B78DE28E9DB15000DC20A /* IndicatorView.swift in Sources */ = {isa = PBXBuildFile; fileRef = 847B78DD28E9DB15000DC20A /* IndicatorView.swift */; };
		847B792F28EB6E34000DC20A /* LoginViewController.swift in Sources */ = {isa = PBXBuildFile; fileRef = 847B792D28EB6E34000DC20A /* LoginViewController.swift */; };
		847B793028EB6E34000DC20A /* LoginViewController.xib in Resources */ = {isa = PBXBuildFile; fileRef = 847B792E28EB6E34000DC20A /* LoginViewController.xib */; };
		847B793B28EB78FB000DC20A /* SceneDelegate.swift in Sources */ = {isa = PBXBuildFile; fileRef = 847B793A28EB78FB000DC20A /* SceneDelegate.swift */; };
		847B793D28EB7A6B000DC20A /* LaunchScreen.png in Resources */ = {isa = PBXBuildFile; fileRef = 847B793C28EB7A6B000DC20A /* LaunchScreen.png */; };
		847B794228EB95A7000DC20A /* Secret.swift in Sources */ = {isa = PBXBuildFile; fileRef = 847B794128EB95A7000DC20A /* Secret.swift */; };
		847B794A28EC4CBF000DC20A /* SignUpViewController.swift in Sources */ = {isa = PBXBuildFile; fileRef = 847B794828EC4CBF000DC20A /* SignUpViewController.swift */; };
		847B794B28EC4CBF000DC20A /* SignUpViewController.xib in Resources */ = {isa = PBXBuildFile; fileRef = 847B794928EC4CBF000DC20A /* SignUpViewController.xib */; };
		847B797F28EC7556000DC20A /* WriteNickNameViewModel.swift in Sources */ = {isa = PBXBuildFile; fileRef = 847B797E28EC7556000DC20A /* WriteNickNameViewModel.swift */; };
		847B798128EC757C000DC20A /* WriteFutureViewModel.swift in Sources */ = {isa = PBXBuildFile; fileRef = 847B798028EC757C000DC20A /* WriteFutureViewModel.swift */; };
		847B799B28ECA90B000DC20A /* XibView.swift in Sources */ = {isa = PBXBuildFile; fileRef = 847B799A28ECA90B000DC20A /* XibView.swift */; };
		8484EE15291C2A8C00F96E4B /* Assets.xcassets in Resources */ = {isa = PBXBuildFile; fileRef = 847B78AC28E5E8D6000DC20A /* Assets.xcassets */; };
		8484EE2A291D308300F96E4B /* AddPebblesViewController.swift in Sources */ = {isa = PBXBuildFile; fileRef = 8484EE28291D308300F96E4B /* AddPebblesViewController.swift */; };
		8484EE2B291D308300F96E4B /* AddPebblesViewController.xib in Resources */ = {isa = PBXBuildFile; fileRef = 8484EE29291D308300F96E4B /* AddPebblesViewController.xib */; };
		84A64C2028F427D500BB2325 /* HomeViewController.swift in Sources */ = {isa = PBXBuildFile; fileRef = 84A64C1E28F427D500BB2325 /* HomeViewController.swift */; };
		84A64C2128F427D500BB2325 /* HomeViewController.xib in Resources */ = {isa = PBXBuildFile; fileRef = 84A64C1F28F427D500BB2325 /* HomeViewController.xib */; };
		84A64C2428F427E700BB2325 /* PebbleManageViewController.swift in Sources */ = {isa = PBXBuildFile; fileRef = 84A64C2228F427E700BB2325 /* PebbleManageViewController.swift */; };
		84A64C2528F427E700BB2325 /* PebbleManageViewController.xib in Resources */ = {isa = PBXBuildFile; fileRef = 84A64C2328F427E700BB2325 /* PebbleManageViewController.xib */; };
		84A64C2928F4282000BB2325 /* MyStoneTowerViewController.swift in Sources */ = {isa = PBXBuildFile; fileRef = 84A64C2728F4282000BB2325 /* MyStoneTowerViewController.swift */; };
		84A64C2A28F4282000BB2325 /* MyStoneTowerViewController.xib in Resources */ = {isa = PBXBuildFile; fileRef = 84A64C2828F4282000BB2325 /* MyStoneTowerViewController.xib */; };
		84C22CBB290EA6A0002699E4 /* SignUpModel.swift in Sources */ = {isa = PBXBuildFile; fileRef = 84C22CBA290EA6A0002699E4 /* SignUpModel.swift */; };
		84C22CBD290EA6A8002699E4 /* SignInModel.swift in Sources */ = {isa = PBXBuildFile; fileRef = 84C22CBC290EA6A8002699E4 /* SignInModel.swift */; };
		84C22CBF290EA6B7002699E4 /* SignUpDataManager.swift in Sources */ = {isa = PBXBuildFile; fileRef = 84C22CBE290EA6B7002699E4 /* SignUpDataManager.swift */; };
		84C22CC1290EA6C2002699E4 /* SignInDataManager.swift in Sources */ = {isa = PBXBuildFile; fileRef = 84C22CC0290EA6C2002699E4 /* SignInDataManager.swift */; };
		84C56361291E4BE200460FB9 /* PebbleDetailCollectionViewCell.swift in Sources */ = {isa = PBXBuildFile; fileRef = 84C5635F291E4BE200460FB9 /* PebbleDetailCollectionViewCell.swift */; };
		84C56362291E4BE200460FB9 /* PebbleDetailCollectionViewCell.xib in Resources */ = {isa = PBXBuildFile; fileRef = 84C56360291E4BE200460FB9 /* PebbleDetailCollectionViewCell.xib */; };
		84C56365291E4BF200460FB9 /* SandDetailCollectionViewCell.swift in Sources */ = {isa = PBXBuildFile; fileRef = 84C56363291E4BF200460FB9 /* SandDetailCollectionViewCell.swift */; };
		84C56366291E4BF200460FB9 /* SandDetailCollectionViewCell.xib in Resources */ = {isa = PBXBuildFile; fileRef = 84C56364291E4BF200460FB9 /* SandDetailCollectionViewCell.xib */; };
		84C56369291E4CE200460FB9 /* HighlightDetailModel.swift in Sources */ = {isa = PBXBuildFile; fileRef = 84C56368291E4CE200460FB9 /* HighlightDetailModel.swift */; };
		84C5636C291E4DB800460FB9 /* GetHighlightDetailInfoDataManager.swift in Sources */ = {isa = PBXBuildFile; fileRef = 84C5636B291E4DB800460FB9 /* GetHighlightDetailInfoDataManager.swift */; };
		84C5636F291E70E300460FB9 /* FirstSignUpViewController.swift in Sources */ = {isa = PBXBuildFile; fileRef = 84C5636D291E70E300460FB9 /* FirstSignUpViewController.swift */; };
		84C56370291E70E300460FB9 /* FirstSignUpViewController.xib in Resources */ = {isa = PBXBuildFile; fileRef = 84C5636E291E70E300460FB9 /* FirstSignUpViewController.xib */; };
		84CC3F452911F00100E151E1 /* HabitCollectionViewCell.swift in Sources */ = {isa = PBXBuildFile; fileRef = 84CC3F432911F00100E151E1 /* HabitCollectionViewCell.swift */; };
		84CC3F462911F00100E151E1 /* HabitCollectionViewCell.xib in Resources */ = {isa = PBXBuildFile; fileRef = 84CC3F442911F00100E151E1 /* HabitCollectionViewCell.xib */; };
		84CC3F4E2911F3A400E151E1 /* TodoCollectionViewCell.swift in Sources */ = {isa = PBXBuildFile; fileRef = 84CC3F4C2911F3A400E151E1 /* TodoCollectionViewCell.swift */; };
		84CC3F4F2911F3A400E151E1 /* TodoCollectionViewCell.xib in Resources */ = {isa = PBXBuildFile; fileRef = 84CC3F4D2911F3A400E151E1 /* TodoCollectionViewCell.xib */; };
		84CC3F5229128E7D00E151E1 /* HomeModel.swift in Sources */ = {isa = PBXBuildFile; fileRef = 84CC3F5129128E7D00E151E1 /* HomeModel.swift */; };
		84CC3F572912A0CC00E151E1 /* GetHomeDataManager.swift in Sources */ = {isa = PBXBuildFile; fileRef = 84CC3F562912A0CC00E151E1 /* GetHomeDataManager.swift */; };
		84F4765828EF830300B6F755 /* UIScrollView.swift in Sources */ = {isa = PBXBuildFile; fileRef = 84F4765728EF830300B6F755 /* UIScrollView.swift */; };
		F510E6A562B3BB2AA7547786 /* Pods_Pebbles.framework in Frameworks */ = {isa = PBXBuildFile; fileRef = 4A174502E8721EB5D2107F2B /* Pods_Pebbles.framework */; };
/* End PBXBuildFile section */

/* Begin PBXFileReference section */
		4A174502E8721EB5D2107F2B /* Pods_Pebbles.framework */ = {isa = PBXFileReference; explicitFileType = wrapper.framework; includeInIndex = 0; path = Pods_Pebbles.framework; sourceTree = BUILT_PRODUCTS_DIR; };
		68D1D21C981C4D61E61FB5E9 /* Pods-Pebbles.release.xcconfig */ = {isa = PBXFileReference; includeInIndex = 1; lastKnownFileType = text.xcconfig; name = "Pods-Pebbles.release.xcconfig"; path = "Target Support Files/Pods-Pebbles/Pods-Pebbles.release.xcconfig"; sourceTree = "<group>"; };
		840684162916A9E200A30517 /* DuplicateModel.swift */ = {isa = PBXFileReference; lastKnownFileType = sourcecode.swift; path = DuplicateModel.swift; sourceTree = "<group>"; };
		840684182916A9F100A30517 /* DuplicateDataManager.swift */ = {isa = PBXFileReference; lastKnownFileType = sourcecode.swift; path = DuplicateDataManager.swift; sourceTree = "<group>"; };
		8406841F2916E67F00A30517 /* SignInViewController.swift */ = {isa = PBXFileReference; lastKnownFileType = sourcecode.swift; path = SignInViewController.swift; sourceTree = "<group>"; };
		840684202916E67F00A30517 /* SignInViewController.xib */ = {isa = PBXFileReference; lastKnownFileType = file.xib; path = SignInViewController.xib; sourceTree = "<group>"; };
		840684242919EF7300A30517 /* AddRockViewController.swift */ = {isa = PBXFileReference; lastKnownFileType = sourcecode.swift; path = AddRockViewController.swift; sourceTree = "<group>"; };
		840684252919EF7300A30517 /* AddRockViewController.xib */ = {isa = PBXFileReference; lastKnownFileType = file.xib; path = AddRockViewController.xib; sourceTree = "<group>"; };
		8406842E2919F8AD00A30517 /* UIWindow.swift */ = {isa = PBXFileReference; lastKnownFileType = sourcecode.swift; path = UIWindow.swift; sourceTree = "<group>"; };
		84068436291A039100A30517 /* CalendarPopUpViewController.swift */ = {isa = PBXFileReference; lastKnownFileType = sourcecode.swift; path = CalendarPopUpViewController.swift; sourceTree = "<group>"; };
		84068437291A039100A30517 /* CalendarPopUpViewController.xib */ = {isa = PBXFileReference; lastKnownFileType = file.xib; path = CalendarPopUpViewController.xib; sourceTree = "<group>"; };
		8406843C291A41B600A30517 /* PostHighlightReq.swift */ = {isa = PBXFileReference; lastKnownFileType = sourcecode.swift; path = PostHighlightReq.swift; sourceTree = "<group>"; };
		8406843E291A41C400A30517 /* PostHighlightRes.swift */ = {isa = PBXFileReference; lastKnownFileType = sourcecode.swift; path = PostHighlightRes.swift; sourceTree = "<group>"; };
		84068441291A83ED00A30517 /* OptionViewController.swift */ = {isa = PBXFileReference; lastKnownFileType = sourcecode.swift; path = OptionViewController.swift; sourceTree = "<group>"; };
		84068442291A83ED00A30517 /* OptionViewController.xib */ = {isa = PBXFileReference; lastKnownFileType = file.xib; path = OptionViewController.xib; sourceTree = "<group>"; };
		84068446291AA4ED00A30517 /* LogoutViewController.swift */ = {isa = PBXFileReference; lastKnownFileType = sourcecode.swift; path = LogoutViewController.swift; sourceTree = "<group>"; };
		84068447291AA4ED00A30517 /* LogoutViewController.xib */ = {isa = PBXFileReference; lastKnownFileType = file.xib; path = LogoutViewController.xib; sourceTree = "<group>"; };
		8406844B291AB74B00A30517 /* SignWithdrawalViewController.swift */ = {isa = PBXFileReference; lastKnownFileType = sourcecode.swift; path = SignWithdrawalViewController.swift; sourceTree = "<group>"; };
		8406844C291AB74B00A30517 /* SignWithdrawalViewController.xib */ = {isa = PBXFileReference; lastKnownFileType = file.xib; path = SignWithdrawalViewController.xib; sourceTree = "<group>"; };
		84068450291B2BF300A30517 /* SignWithdrawalModel.swift */ = {isa = PBXFileReference; lastKnownFileType = sourcecode.swift; path = SignWithdrawalModel.swift; sourceTree = "<group>"; };
		84068453291B2C6600A30517 /* PostSignWithdrawalDataManager.swift */ = {isa = PBXFileReference; lastKnownFileType = sourcecode.swift; path = PostSignWithdrawalDataManager.swift; sourceTree = "<group>"; };
		84068456291BA97800A30517 /* OnboardingViewController.swift */ = {isa = PBXFileReference; lastKnownFileType = sourcecode.swift; path = OnboardingViewController.swift; sourceTree = "<group>"; };
		84068457291BA97800A30517 /* OnboardingViewController.xib */ = {isa = PBXFileReference; lastKnownFileType = file.xib; path = OnboardingViewController.xib; sourceTree = "<group>"; };
		8439D46228F0B96F00D9161C /* UITextField.swift */ = {isa = PBXFileReference; lastKnownFileType = sourcecode.swift; path = UITextField.swift; sourceTree = "<group>"; };
		846BA1FE291D32770058A763 /* AddPebbleTableViewCell.swift */ = {isa = PBXFileReference; lastKnownFileType = sourcecode.swift; path = AddPebbleTableViewCell.swift; sourceTree = "<group>"; };
		846BA1FF291D32770058A763 /* AddPebbleTableViewCell.xib */ = {isa = PBXFileReference; lastKnownFileType = file.xib; path = AddPebbleTableViewCell.xib; sourceTree = "<group>"; };
		846BA203291E1A8B0058A763 /* RockCollectionViewCell.swift */ = {isa = PBXFileReference; lastKnownFileType = sourcecode.swift; path = RockCollectionViewCell.swift; sourceTree = "<group>"; };
		846BA204291E1A8B0058A763 /* RockCollectionViewCell.xib */ = {isa = PBXFileReference; lastKnownFileType = file.xib; path = RockCollectionViewCell.xib; sourceTree = "<group>"; };
		846BA20A291E1D900058A763 /* RockInfoModel.swift */ = {isa = PBXFileReference; lastKnownFileType = sourcecode.swift; path = RockInfoModel.swift; sourceTree = "<group>"; };
		846BA20E291E1DF90058A763 /* GetRockInfoDataManager.swift */ = {isa = PBXFileReference; lastKnownFileType = sourcecode.swift; path = GetRockInfoDataManager.swift; sourceTree = "<group>"; };
		846BA210291E31360058A763 /* RockDetailViewController.swift */ = {isa = PBXFileReference; lastKnownFileType = sourcecode.swift; path = RockDetailViewController.swift; sourceTree = "<group>"; };
		846BA211291E31360058A763 /* RockDetailViewController.xib */ = {isa = PBXFileReference; lastKnownFileType = file.xib; path = RockDetailViewController.xib; sourceTree = "<group>"; };
		847B78A028E5E8D3000DC20A /* Pebbles.app */ = {isa = PBXFileReference; explicitFileType = wrapper.application; includeInIndex = 0; path = Pebbles.app; sourceTree = BUILT_PRODUCTS_DIR; };
		847B78A328E5E8D3000DC20A /* AppDelegate.swift */ = {isa = PBXFileReference; lastKnownFileType = sourcecode.swift; path = AppDelegate.swift; sourceTree = "<group>"; };
		847B78AC28E5E8D6000DC20A /* Assets.xcassets */ = {isa = PBXFileReference; lastKnownFileType = folder.assetcatalog; path = Assets.xcassets; sourceTree = "<group>"; };
		847B78AF28E5E8D6000DC20A /* Base */ = {isa = PBXFileReference; lastKnownFileType = file.storyboard; name = Base; path = Base.lproj/LaunchScreen.storyboard; sourceTree = "<group>"; };
		847B78B128E5E8D6000DC20A /* Info.plist */ = {isa = PBXFileReference; lastKnownFileType = text.plist.xml; path = Info.plist; sourceTree = "<group>"; };
		847B78BD28E9DA54000DC20A /* Constant.swift */ = {isa = PBXFileReference; lastKnownFileType = sourcecode.swift; path = Constant.swift; sourceTree = "<group>"; };
		847B78BF28E9DA65000DC20A /* BaseViewController.swift */ = {isa = PBXFileReference; lastKnownFileType = sourcecode.swift; path = BaseViewController.swift; sourceTree = "<group>"; };
		847B78C128E9DA72000DC20A /* BaseTabbarViewController.swift */ = {isa = PBXFileReference; lastKnownFileType = sourcecode.swift; path = BaseTabbarViewController.swift; sourceTree = "<group>"; };
		847B78C728E9DA94000DC20A /* Date.swift */ = {isa = PBXFileReference; lastKnownFileType = sourcecode.swift; path = Date.swift; sourceTree = "<group>"; };
		847B78C928E9DA9B000DC20A /* UIColor.swift */ = {isa = PBXFileReference; lastKnownFileType = sourcecode.swift; path = UIColor.swift; sourceTree = "<group>"; };
		847B78CB28E9DAA6000DC20A /* String.swift */ = {isa = PBXFileReference; lastKnownFileType = sourcecode.swift; path = String.swift; sourceTree = "<group>"; };
		847B78CD28E9DAAE000DC20A /* UIButton.swift */ = {isa = PBXFileReference; lastKnownFileType = sourcecode.swift; path = UIButton.swift; sourceTree = "<group>"; };
		847B78CF28E9DAC3000DC20A /* UIViewController.swift */ = {isa = PBXFileReference; lastKnownFileType = sourcecode.swift; path = UIViewController.swift; sourceTree = "<group>"; };
		847B78D128E9DAD6000DC20A /* UINavigationBar.swift */ = {isa = PBXFileReference; lastKnownFileType = sourcecode.swift; path = UINavigationBar.swift; sourceTree = "<group>"; };
		847B78D328E9DADC000DC20A /* UIFont.swift */ = {isa = PBXFileReference; lastKnownFileType = sourcecode.swift; path = UIFont.swift; sourceTree = "<group>"; };
		847B78D528E9DAE7000DC20A /* UIImage.swift */ = {isa = PBXFileReference; lastKnownFileType = sourcecode.swift; path = UIImage.swift; sourceTree = "<group>"; };
		847B78D728E9DAED000DC20A /* UIImageView.swift */ = {isa = PBXFileReference; lastKnownFileType = sourcecode.swift; path = UIImageView.swift; sourceTree = "<group>"; };
		847B78D928E9DAF1000DC20A /* UIView.swift */ = {isa = PBXFileReference; lastKnownFileType = sourcecode.swift; path = UIView.swift; sourceTree = "<group>"; };
		847B78DB28E9DAFE000DC20A /* Device.swift */ = {isa = PBXFileReference; lastKnownFileType = sourcecode.swift; path = Device.swift; sourceTree = "<group>"; };
		847B78DD28E9DB15000DC20A /* IndicatorView.swift */ = {isa = PBXFileReference; lastKnownFileType = sourcecode.swift; path = IndicatorView.swift; sourceTree = "<group>"; };
		847B792D28EB6E34000DC20A /* LoginViewController.swift */ = {isa = PBXFileReference; lastKnownFileType = sourcecode.swift; path = LoginViewController.swift; sourceTree = "<group>"; };
		847B792E28EB6E34000DC20A /* LoginViewController.xib */ = {isa = PBXFileReference; lastKnownFileType = file.xib; path = LoginViewController.xib; sourceTree = "<group>"; };
		847B793A28EB78FB000DC20A /* SceneDelegate.swift */ = {isa = PBXFileReference; fileEncoding = 4; lastKnownFileType = sourcecode.swift; path = SceneDelegate.swift; sourceTree = "<group>"; };
		847B793C28EB7A6B000DC20A /* LaunchScreen.png */ = {isa = PBXFileReference; lastKnownFileType = image.png; path = LaunchScreen.png; sourceTree = "<group>"; };
		847B794128EB95A7000DC20A /* Secret.swift */ = {isa = PBXFileReference; lastKnownFileType = sourcecode.swift; path = Secret.swift; sourceTree = "<group>"; };
		847B794828EC4CBF000DC20A /* SignUpViewController.swift */ = {isa = PBXFileReference; lastKnownFileType = sourcecode.swift; path = SignUpViewController.swift; sourceTree = "<group>"; };
		847B794928EC4CBF000DC20A /* SignUpViewController.xib */ = {isa = PBXFileReference; lastKnownFileType = file.xib; path = SignUpViewController.xib; sourceTree = "<group>"; };
		847B797E28EC7556000DC20A /* WriteNickNameViewModel.swift */ = {isa = PBXFileReference; lastKnownFileType = sourcecode.swift; path = WriteNickNameViewModel.swift; sourceTree = "<group>"; };
		847B798028EC757C000DC20A /* WriteFutureViewModel.swift */ = {isa = PBXFileReference; lastKnownFileType = sourcecode.swift; path = WriteFutureViewModel.swift; sourceTree = "<group>"; };
		847B799A28ECA90B000DC20A /* XibView.swift */ = {isa = PBXFileReference; lastKnownFileType = sourcecode.swift; path = XibView.swift; sourceTree = "<group>"; };
		8484EE28291D308300F96E4B /* AddPebblesViewController.swift */ = {isa = PBXFileReference; lastKnownFileType = sourcecode.swift; path = AddPebblesViewController.swift; sourceTree = "<group>"; };
		8484EE29291D308300F96E4B /* AddPebblesViewController.xib */ = {isa = PBXFileReference; lastKnownFileType = file.xib; path = AddPebblesViewController.xib; sourceTree = "<group>"; };
		84A64C1E28F427D500BB2325 /* HomeViewController.swift */ = {isa = PBXFileReference; lastKnownFileType = sourcecode.swift; path = HomeViewController.swift; sourceTree = "<group>"; };
		84A64C1F28F427D500BB2325 /* HomeViewController.xib */ = {isa = PBXFileReference; lastKnownFileType = file.xib; path = HomeViewController.xib; sourceTree = "<group>"; };
		84A64C2228F427E700BB2325 /* PebbleManageViewController.swift */ = {isa = PBXFileReference; lastKnownFileType = sourcecode.swift; path = PebbleManageViewController.swift; sourceTree = "<group>"; };
		84A64C2328F427E700BB2325 /* PebbleManageViewController.xib */ = {isa = PBXFileReference; lastKnownFileType = file.xib; path = PebbleManageViewController.xib; sourceTree = "<group>"; };
		84A64C2728F4282000BB2325 /* MyStoneTowerViewController.swift */ = {isa = PBXFileReference; lastKnownFileType = sourcecode.swift; path = MyStoneTowerViewController.swift; sourceTree = "<group>"; };
		84A64C2828F4282000BB2325 /* MyStoneTowerViewController.xib */ = {isa = PBXFileReference; lastKnownFileType = file.xib; path = MyStoneTowerViewController.xib; sourceTree = "<group>"; };
		84C22CBA290EA6A0002699E4 /* SignUpModel.swift */ = {isa = PBXFileReference; lastKnownFileType = sourcecode.swift; path = SignUpModel.swift; sourceTree = "<group>"; };
		84C22CBC290EA6A8002699E4 /* SignInModel.swift */ = {isa = PBXFileReference; lastKnownFileType = sourcecode.swift; path = SignInModel.swift; sourceTree = "<group>"; };
		84C22CBE290EA6B7002699E4 /* SignUpDataManager.swift */ = {isa = PBXFileReference; lastKnownFileType = sourcecode.swift; path = SignUpDataManager.swift; sourceTree = "<group>"; };
		84C22CC0290EA6C2002699E4 /* SignInDataManager.swift */ = {isa = PBXFileReference; lastKnownFileType = sourcecode.swift; path = SignInDataManager.swift; sourceTree = "<group>"; };
		84C5635F291E4BE200460FB9 /* PebbleDetailCollectionViewCell.swift */ = {isa = PBXFileReference; lastKnownFileType = sourcecode.swift; path = PebbleDetailCollectionViewCell.swift; sourceTree = "<group>"; };
		84C56360291E4BE200460FB9 /* PebbleDetailCollectionViewCell.xib */ = {isa = PBXFileReference; lastKnownFileType = file.xib; path = PebbleDetailCollectionViewCell.xib; sourceTree = "<group>"; };
		84C56363291E4BF200460FB9 /* SandDetailCollectionViewCell.swift */ = {isa = PBXFileReference; lastKnownFileType = sourcecode.swift; path = SandDetailCollectionViewCell.swift; sourceTree = "<group>"; };
		84C56364291E4BF200460FB9 /* SandDetailCollectionViewCell.xib */ = {isa = PBXFileReference; lastKnownFileType = file.xib; path = SandDetailCollectionViewCell.xib; sourceTree = "<group>"; };
		84C56368291E4CE200460FB9 /* HighlightDetailModel.swift */ = {isa = PBXFileReference; lastKnownFileType = sourcecode.swift; path = HighlightDetailModel.swift; sourceTree = "<group>"; };
		84C5636B291E4DB800460FB9 /* GetHighlightDetailInfoDataManager.swift */ = {isa = PBXFileReference; lastKnownFileType = sourcecode.swift; path = GetHighlightDetailInfoDataManager.swift; sourceTree = "<group>"; };
		84C5636D291E70E300460FB9 /* FirstSignUpViewController.swift */ = {isa = PBXFileReference; lastKnownFileType = sourcecode.swift; path = FirstSignUpViewController.swift; sourceTree = "<group>"; };
		84C5636E291E70E300460FB9 /* FirstSignUpViewController.xib */ = {isa = PBXFileReference; lastKnownFileType = file.xib; path = FirstSignUpViewController.xib; sourceTree = "<group>"; };
		84CC3F432911F00100E151E1 /* HabitCollectionViewCell.swift */ = {isa = PBXFileReference; lastKnownFileType = sourcecode.swift; path = HabitCollectionViewCell.swift; sourceTree = "<group>"; };
		84CC3F442911F00100E151E1 /* HabitCollectionViewCell.xib */ = {isa = PBXFileReference; lastKnownFileType = file.xib; path = HabitCollectionViewCell.xib; sourceTree = "<group>"; };
		84CC3F4C2911F3A400E151E1 /* TodoCollectionViewCell.swift */ = {isa = PBXFileReference; lastKnownFileType = sourcecode.swift; path = TodoCollectionViewCell.swift; sourceTree = "<group>"; };
		84CC3F4D2911F3A400E151E1 /* TodoCollectionViewCell.xib */ = {isa = PBXFileReference; lastKnownFileType = file.xib; path = TodoCollectionViewCell.xib; sourceTree = "<group>"; };
		84CC3F5129128E7D00E151E1 /* HomeModel.swift */ = {isa = PBXFileReference; lastKnownFileType = sourcecode.swift; path = HomeModel.swift; sourceTree = "<group>"; };
		84CC3F562912A0CC00E151E1 /* GetHomeDataManager.swift */ = {isa = PBXFileReference; lastKnownFileType = sourcecode.swift; path = GetHomeDataManager.swift; sourceTree = "<group>"; };
		84D5A57114568676E81C6FE6 /* Pods-Pebbles.debug.xcconfig */ = {isa = PBXFileReference; includeInIndex = 1; lastKnownFileType = text.xcconfig; name = "Pods-Pebbles.debug.xcconfig"; path = "Target Support Files/Pods-Pebbles/Pods-Pebbles.debug.xcconfig"; sourceTree = "<group>"; };
		84F4765728EF830300B6F755 /* UIScrollView.swift */ = {isa = PBXFileReference; lastKnownFileType = sourcecode.swift; path = UIScrollView.swift; sourceTree = "<group>"; };
/* End PBXFileReference section */

/* Begin PBXFrameworksBuildPhase section */
		847B789D28E5E8D3000DC20A /* Frameworks */ = {
			isa = PBXFrameworksBuildPhase;
			buildActionMask = 2147483647;
			files = (
				F510E6A562B3BB2AA7547786 /* Pods_Pebbles.framework in Frameworks */,
			);
			runOnlyForDeploymentPostprocessing = 0;
		};
/* End PBXFrameworksBuildPhase section */

/* Begin PBXGroup section */
		5455C8500FB1A915F663AD06 /* Frameworks */ = {
			isa = PBXGroup;
			children = (
				4A174502E8721EB5D2107F2B /* Pods_Pebbles.framework */,
			);
			name = Frameworks;
			sourceTree = "<group>";
		};
		8406841A2916E5DB00A30517 /* SignIn */ = {
			isa = PBXGroup;
			children = (
				8406841F2916E67F00A30517 /* SignInViewController.swift */,
				840684202916E67F00A30517 /* SignInViewController.xib */,
			);
			path = SignIn;
			sourceTree = "<group>";
		};
		840684232919EF3E00A30517 /* AddRock */ = {
			isa = PBXGroup;
			children = (
				8406842D2919F58200A30517 /* Sand */,
				8484EE16291D221100F96E4B /* Pebble */,
				8406842A2919F55B00A30517 /* Rock */,
			);
			path = AddRock;
			sourceTree = "<group>";
		};
		8406842A2919F55B00A30517 /* Rock */ = {
			isa = PBXGroup;
			children = (
				840684242919EF7300A30517 /* AddRockViewController.swift */,
				840684252919EF7300A30517 /* AddRockViewController.xib */,
				84068436291A039100A30517 /* CalendarPopUpViewController.swift */,
				84068437291A039100A30517 /* CalendarPopUpViewController.xib */,
			);
			path = Rock;
			sourceTree = "<group>";
		};
		8406842D2919F58200A30517 /* Sand */ = {
			isa = PBXGroup;
			children = (
			);
			path = Sand;
			sourceTree = "<group>";
		};
		8406843A291A417D00A30517 /* AddRock */ = {
			isa = PBXGroup;
			children = (
			);
			path = AddRock;
			sourceTree = "<group>";
		};
		8406843B291A419900A30517 /* AddRock */ = {
			isa = PBXGroup;
			children = (
				8406843C291A41B600A30517 /* PostHighlightReq.swift */,
				8406843E291A41C400A30517 /* PostHighlightRes.swift */,
			);
			path = AddRock;
			sourceTree = "<group>";
		};
		84068440291A83D700A30517 /* Option */ = {
			isa = PBXGroup;
			children = (
				8406844A291AB6F800A30517 /* SignWithdrawal */,
				84068445291AA4DB00A30517 /* Logout */,
				84068441291A83ED00A30517 /* OptionViewController.swift */,
				84068442291A83ED00A30517 /* OptionViewController.xib */,
			);
			path = Option;
			sourceTree = "<group>";
		};
		84068445291AA4DB00A30517 /* Logout */ = {
			isa = PBXGroup;
			children = (
				84068446291AA4ED00A30517 /* LogoutViewController.swift */,
				84068447291AA4ED00A30517 /* LogoutViewController.xib */,
			);
			path = Logout;
			sourceTree = "<group>";
		};
		8406844A291AB6F800A30517 /* SignWithdrawal */ = {
			isa = PBXGroup;
			children = (
				8406844B291AB74B00A30517 /* SignWithdrawalViewController.swift */,
				8406844C291AB74B00A30517 /* SignWithdrawalViewController.xib */,
			);
			path = SignWithdrawal;
			sourceTree = "<group>";
		};
		8406844F291B2BD400A30517 /* Option */ = {
			isa = PBXGroup;
			children = (
				84068450291B2BF300A30517 /* SignWithdrawalModel.swift */,
			);
			path = Option;
			sourceTree = "<group>";
		};
		84068452291B2C4B00A30517 /* Option */ = {
			isa = PBXGroup;
			children = (
				84068453291B2C6600A30517 /* PostSignWithdrawalDataManager.swift */,
			);
			path = Option;
			sourceTree = "<group>";
		};
		84068455291BA94700A30517 /* OnBoarding */ = {
			isa = PBXGroup;
			children = (
				84068456291BA97800A30517 /* OnboardingViewController.swift */,
				84068457291BA97800A30517 /* OnboardingViewController.xib */,
			);
			path = OnBoarding;
			sourceTree = "<group>";
		};
		846BA202291E1A660058A763 /* RockInfo */ = {
			isa = PBXGroup;
			children = (
				846BA203291E1A8B0058A763 /* RockCollectionViewCell.swift */,
				846BA204291E1A8B0058A763 /* RockCollectionViewCell.xib */,
			);
			path = RockInfo;
			sourceTree = "<group>";
		};
		846BA208291E1D4C0058A763 /* RockManagement */ = {
			isa = PBXGroup;
			children = (
				846BA209291E1D680058A763 /* RockInfo */,
				8406843B291A419900A30517 /* AddRock */,
			);
			path = RockManagement;
			sourceTree = "<group>";
		};
		846BA209291E1D680058A763 /* RockInfo */ = {
			isa = PBXGroup;
			children = (
				846BA20A291E1D900058A763 /* RockInfoModel.swift */,
				84C56367291E4CCC00460FB9 /* HighlightDetail */,
			);
			path = RockInfo;
			sourceTree = "<group>";
		};
		846BA20C291E1DD90058A763 /* RockManagement */ = {
			isa = PBXGroup;
			children = (
				846BA20D291E1DE60058A763 /* RockInfo */,
				8406843A291A417D00A30517 /* AddRock */,
			);
			path = RockManagement;
			sourceTree = "<group>";
		};
		846BA20D291E1DE60058A763 /* RockInfo */ = {
			isa = PBXGroup;
			children = (
				846BA20E291E1DF90058A763 /* GetRockInfoDataManager.swift */,
				84C5636A291E4D9600460FB9 /* HightlightDetailInfo */,
			);
			path = RockInfo;
			sourceTree = "<group>";
		};
		846BA214291E316E0058A763 /* RockDetailInfo */ = {
			isa = PBXGroup;
			children = (
				846BA210291E31360058A763 /* RockDetailViewController.swift */,
				846BA211291E31360058A763 /* RockDetailViewController.xib */,
				84C5635E291E33D900460FB9 /* Cell */,
			);
			path = RockDetailInfo;
			sourceTree = "<group>";
		};
		847B789728E5E8D3000DC20A = {
			isa = PBXGroup;
			children = (
				847B78A228E5E8D3000DC20A /* Pebbles */,
				847B78A128E5E8D3000DC20A /* Products */,
				DEC977D147129968330FF911 /* Pods */,
				5455C8500FB1A915F663AD06 /* Frameworks */,
			);
			sourceTree = "<group>";
		};
		847B78A128E5E8D3000DC20A /* Products */ = {
			isa = PBXGroup;
			children = (
				847B78A028E5E8D3000DC20A /* Pebbles.app */,
			);
			name = Products;
			sourceTree = "<group>";
		};
		847B78A228E5E8D3000DC20A /* Pebbles */ = {
			isa = PBXGroup;
			children = (
				847B78B728E9D9C2000DC20A /* Configuration */,
				847B799C28ECCABC000DC20A /* Services */,
				847B78E128E9F98E000DC20A /* Models */,
				847B78E228E9F992000DC20A /* ViewModels */,
				847B78E428E9F9A5000DC20A /* ViewController */,
				847B792B28EB6CF0000DC20A /* Views */,
				847B78DF28E9F849000DC20A /* AppDelegate */,
				847B78E028E9F863000DC20A /* Resource */,
				847B78AE28E5E8D6000DC20A /* LaunchScreen.storyboard */,
				847B78B128E5E8D6000DC20A /* Info.plist */,
			);
			path = Pebbles;
			sourceTree = "<group>";
		};
		847B78B728E9D9C2000DC20A /* Configuration */ = {
			isa = PBXGroup;
			children = (
				847B794028EB958B000DC20A /* Secret */,
				847B78BC28E9DA23000DC20A /* CustomClass */,
				847B78BB28E9DA16000DC20A /* Extension */,
				847B78B828E9DA06000DC20A /* Base */,
				847B78BD28E9DA54000DC20A /* Constant.swift */,
			);
			path = Configuration;
			sourceTree = "<group>";
		};
		847B78B828E9DA06000DC20A /* Base */ = {
			isa = PBXGroup;
			children = (
				847B78BF28E9DA65000DC20A /* BaseViewController.swift */,
				847B78C128E9DA72000DC20A /* BaseTabbarViewController.swift */,
			);
			path = Base;
			sourceTree = "<group>";
		};
		847B78BB28E9DA16000DC20A /* Extension */ = {
			isa = PBXGroup;
			children = (
				847B78C728E9DA94000DC20A /* Date.swift */,
				847B78C928E9DA9B000DC20A /* UIColor.swift */,
				847B78CB28E9DAA6000DC20A /* String.swift */,
				847B78CD28E9DAAE000DC20A /* UIButton.swift */,
				847B78CF28E9DAC3000DC20A /* UIViewController.swift */,
				847B78D128E9DAD6000DC20A /* UINavigationBar.swift */,
				847B78D328E9DADC000DC20A /* UIFont.swift */,
				847B78D528E9DAE7000DC20A /* UIImage.swift */,
				847B78D728E9DAED000DC20A /* UIImageView.swift */,
				847B78D928E9DAF1000DC20A /* UIView.swift */,
				84F4765728EF830300B6F755 /* UIScrollView.swift */,
				8439D46228F0B96F00D9161C /* UITextField.swift */,
				8406842E2919F8AD00A30517 /* UIWindow.swift */,
			);
			path = Extension;
			sourceTree = "<group>";
		};
		847B78BC28E9DA23000DC20A /* CustomClass */ = {
			isa = PBXGroup;
			children = (
				847B78DB28E9DAFE000DC20A /* Device.swift */,
				847B78DD28E9DB15000DC20A /* IndicatorView.swift */,
				847B799A28ECA90B000DC20A /* XibView.swift */,
			);
			path = CustomClass;
			sourceTree = "<group>";
		};
		847B78DF28E9F849000DC20A /* AppDelegate */ = {
			isa = PBXGroup;
			children = (
				847B793A28EB78FB000DC20A /* SceneDelegate.swift */,
				847B78A328E5E8D3000DC20A /* AppDelegate.swift */,
			);
			path = AppDelegate;
			sourceTree = "<group>";
		};
		847B78E028E9F863000DC20A /* Resource */ = {
			isa = PBXGroup;
			children = (
				847B793128EB7669000DC20A /* LaunchScreen */,
				847B78AC28E5E8D6000DC20A /* Assets.xcassets */,
			);
			path = Resource;
			sourceTree = "<group>";
		};
		847B78E128E9F98E000DC20A /* Models */ = {
			isa = PBXGroup;
			children = (
				846BA208291E1D4C0058A763 /* RockManagement */,
				84CC3F5029128E4000E151E1 /* Home */,
				84C22CB8290EA679002699E4 /* Login */,
			);
			path = Models;
			sourceTree = "<group>";
		};
		847B78E228E9F992000DC20A /* ViewModels */ = {
			isa = PBXGroup;
			children = (
				847B797428EC6FBC000DC20A /* Login */,
			);
			path = ViewModels;
			sourceTree = "<group>";
		};
		847B78E428E9F9A5000DC20A /* ViewController */ = {
			isa = PBXGroup;
			children = (
			);
			path = ViewController;
			sourceTree = "<group>";
		};
		847B792B28EB6CF0000DC20A /* Views */ = {
			isa = PBXGroup;
			children = (
				84A64C1D28F427B500BB2325 /* MyStoneTower */,
				84A64C1C28F4279700BB2325 /* PebbleManagement */,
				84A64C1B28F4278E00BB2325 /* Home */,
				847B792C28EB6E11000DC20A /* Login */,
			);
			path = Views;
			sourceTree = "<group>";
		};
		847B792C28EB6E11000DC20A /* Login */ = {
			isa = PBXGroup;
			children = (
				847B792D28EB6E34000DC20A /* LoginViewController.swift */,
				847B792E28EB6E34000DC20A /* LoginViewController.xib */,
				84068455291BA94700A30517 /* OnBoarding */,
				847B794328EC4BEB000DC20A /* SignUp */,
				8406841A2916E5DB00A30517 /* SignIn */,
			);
			path = Login;
			sourceTree = "<group>";
		};
		847B793128EB7669000DC20A /* LaunchScreen */ = {
			isa = PBXGroup;
			children = (
				847B793C28EB7A6B000DC20A /* LaunchScreen.png */,
			);
			path = LaunchScreen;
			sourceTree = "<group>";
		};
		847B794028EB958B000DC20A /* Secret */ = {
			isa = PBXGroup;
			children = (
				847B794128EB95A7000DC20A /* Secret.swift */,
			);
			path = Secret;
			sourceTree = "<group>";
		};
		847B794328EC4BEB000DC20A /* SignUp */ = {
			isa = PBXGroup;
			children = (
				847B794828EC4CBF000DC20A /* SignUpViewController.swift */,
				847B794928EC4CBF000DC20A /* SignUpViewController.xib */,
				84C5636D291E70E300460FB9 /* FirstSignUpViewController.swift */,
				84C5636E291E70E300460FB9 /* FirstSignUpViewController.xib */,
			);
			path = SignUp;
			sourceTree = "<group>";
		};
		847B797428EC6FBC000DC20A /* Login */ = {
			isa = PBXGroup;
			children = (
				847B797528EC6FC0000DC20A /* SignUp */,
			);
			path = Login;
			sourceTree = "<group>";
		};
		847B797528EC6FC0000DC20A /* SignUp */ = {
			isa = PBXGroup;
			children = (
				847B797E28EC7556000DC20A /* WriteNickNameViewModel.swift */,
				847B798028EC757C000DC20A /* WriteFutureViewModel.swift */,
			);
			path = SignUp;
			sourceTree = "<group>";
		};
		847B799C28ECCABC000DC20A /* Services */ = {
			isa = PBXGroup;
			children = (
				846BA20C291E1DD90058A763 /* RockManagement */,
				84CC3F552912A0B700E151E1 /* Home */,
				84C22CB9290EA67C002699E4 /* Login */,
			);
			path = Services;
			sourceTree = "<group>";
		};
		8484EE16291D221100F96E4B /* Pebble */ = {
			isa = PBXGroup;
			children = (
				8484EE1B291D264700F96E4B /* Cells */,
				8484EE28291D308300F96E4B /* AddPebblesViewController.swift */,
				8484EE29291D308300F96E4B /* AddPebblesViewController.xib */,
			);
			path = Pebble;
			sourceTree = "<group>";
		};
		8484EE1B291D264700F96E4B /* Cells */ = {
			isa = PBXGroup;
			children = (
				846BA1FE291D32770058A763 /* AddPebbleTableViewCell.swift */,
				846BA1FF291D32770058A763 /* AddPebbleTableViewCell.xib */,
			);
			path = Cells;
			sourceTree = "<group>";
		};
		84A64C1B28F4278E00BB2325 /* Home */ = {
			isa = PBXGroup;
			children = (
				84068440291A83D700A30517 /* Option */,
				84C22CA7290E9FC9002699E4 /* HabitCell */,
				84A64C1E28F427D500BB2325 /* HomeViewController.swift */,
				84A64C1F28F427D500BB2325 /* HomeViewController.xib */,
			);
			path = Home;
			sourceTree = "<group>";
		};
		84A64C1C28F4279700BB2325 /* PebbleManagement */ = {
			isa = PBXGroup;
			children = (
				84A64C2228F427E700BB2325 /* PebbleManageViewController.swift */,
				84A64C2328F427E700BB2325 /* PebbleManageViewController.xib */,
				840684232919EF3E00A30517 /* AddRock */,
				846BA214291E316E0058A763 /* RockDetailInfo */,
				846BA202291E1A660058A763 /* RockInfo */,
			);
			path = PebbleManagement;
			sourceTree = "<group>";
		};
		84A64C1D28F427B500BB2325 /* MyStoneTower */ = {
			isa = PBXGroup;
			children = (
				84A64C2728F4282000BB2325 /* MyStoneTowerViewController.swift */,
				84A64C2828F4282000BB2325 /* MyStoneTowerViewController.xib */,
			);
			path = MyStoneTower;
			sourceTree = "<group>";
		};
		84C22CA7290E9FC9002699E4 /* HabitCell */ = {
			isa = PBXGroup;
			children = (
				84CC3F472911F2F100E151E1 /* TodoCell */,
				84CC3F432911F00100E151E1 /* HabitCollectionViewCell.swift */,
				84CC3F442911F00100E151E1 /* HabitCollectionViewCell.xib */,
			);
			path = HabitCell;
			sourceTree = "<group>";
		};
		84C22CB8290EA679002699E4 /* Login */ = {
			isa = PBXGroup;
			children = (
				84C22CBA290EA6A0002699E4 /* SignUpModel.swift */,
				84C22CBC290EA6A8002699E4 /* SignInModel.swift */,
				840684162916A9E200A30517 /* DuplicateModel.swift */,
			);
			path = Login;
			sourceTree = "<group>";
		};
		84C22CB9290EA67C002699E4 /* Login */ = {
			isa = PBXGroup;
			children = (
				84C22CBE290EA6B7002699E4 /* SignUpDataManager.swift */,
				84C22CC0290EA6C2002699E4 /* SignInDataManager.swift */,
				840684182916A9F100A30517 /* DuplicateDataManager.swift */,
			);
			path = Login;
			sourceTree = "<group>";
		};
		84C5635E291E33D900460FB9 /* Cell */ = {
			isa = PBXGroup;
			children = (
				84C5635F291E4BE200460FB9 /* PebbleDetailCollectionViewCell.swift */,
				84C56360291E4BE200460FB9 /* PebbleDetailCollectionViewCell.xib */,
				84C56363291E4BF200460FB9 /* SandDetailCollectionViewCell.swift */,
				84C56364291E4BF200460FB9 /* SandDetailCollectionViewCell.xib */,
			);
			path = Cell;
			sourceTree = "<group>";
		};
		84C56367291E4CCC00460FB9 /* HighlightDetail */ = {
			isa = PBXGroup;
			children = (
				84C56368291E4CE200460FB9 /* HighlightDetailModel.swift */,
			);
			path = HighlightDetail;
			sourceTree = "<group>";
		};
		84C5636A291E4D9600460FB9 /* HightlightDetailInfo */ = {
			isa = PBXGroup;
			children = (
				84C5636B291E4DB800460FB9 /* GetHighlightDetailInfoDataManager.swift */,
			);
			path = HightlightDetailInfo;
			sourceTree = "<group>";
		};
		84CC3F472911F2F100E151E1 /* TodoCell */ = {
			isa = PBXGroup;
			children = (
				84CC3F4C2911F3A400E151E1 /* TodoCollectionViewCell.swift */,
				84CC3F4D2911F3A400E151E1 /* TodoCollectionViewCell.xib */,
			);
			path = TodoCell;
			sourceTree = "<group>";
		};
		84CC3F5029128E4000E151E1 /* Home */ = {
			isa = PBXGroup;
			children = (
				84CC3F5129128E7D00E151E1 /* HomeModel.swift */,
				8406844F291B2BD400A30517 /* Option */,
			);
			path = Home;
			sourceTree = "<group>";
		};
		84CC3F552912A0B700E151E1 /* Home */ = {
			isa = PBXGroup;
			children = (
				84CC3F562912A0CC00E151E1 /* GetHomeDataManager.swift */,
				84068452291B2C4B00A30517 /* Option */,
			);
			path = Home;
			sourceTree = "<group>";
		};
		DEC977D147129968330FF911 /* Pods */ = {
			isa = PBXGroup;
			children = (
				84D5A57114568676E81C6FE6 /* Pods-Pebbles.debug.xcconfig */,
				68D1D21C981C4D61E61FB5E9 /* Pods-Pebbles.release.xcconfig */,
			);
			path = Pods;
			sourceTree = "<group>";
		};
/* End PBXGroup section */

/* Begin PBXNativeTarget section */
		847B789F28E5E8D3000DC20A /* Pebbles */ = {
			isa = PBXNativeTarget;
			buildConfigurationList = 847B78B428E5E8D6000DC20A /* Build configuration list for PBXNativeTarget "Pebbles" */;
			buildPhases = (
				D1E8D255B15415DC8B043AAA /* [CP] Check Pods Manifest.lock */,
				847B789C28E5E8D3000DC20A /* Sources */,
				847B789D28E5E8D3000DC20A /* Frameworks */,
				847B789E28E5E8D3000DC20A /* Resources */,
				F0983D1894EE747F504D9B00 /* [CP] Embed Pods Frameworks */,
			);
			buildRules = (
			);
			dependencies = (
			);
			name = Pebbles;
			productName = Pebbles;
			productReference = 847B78A028E5E8D3000DC20A /* Pebbles.app */;
			productType = "com.apple.product-type.application";
		};
/* End PBXNativeTarget section */

/* Begin PBXProject section */
		847B789828E5E8D3000DC20A /* Project object */ = {
			isa = PBXProject;
			attributes = {
				BuildIndependentTargetsInParallel = 1;
				LastSwiftUpdateCheck = 1340;
				LastUpgradeCheck = 1340;
				TargetAttributes = {
					847B789F28E5E8D3000DC20A = {
						CreatedOnToolsVersion = 13.4;
					};
				};
			};
			buildConfigurationList = 847B789B28E5E8D3000DC20A /* Build configuration list for PBXProject "Pebbles" */;
			compatibilityVersion = "Xcode 13.0";
			developmentRegion = en;
			hasScannedForEncodings = 0;
			knownRegions = (
				en,
				Base,
			);
			mainGroup = 847B789728E5E8D3000DC20A;
			productRefGroup = 847B78A128E5E8D3000DC20A /* Products */;
			projectDirPath = "";
			projectRoot = "";
			targets = (
				847B789F28E5E8D3000DC20A /* Pebbles */,
			);
		};
/* End PBXProject section */

/* Begin PBXResourcesBuildPhase section */
		847B789E28E5E8D3000DC20A /* Resources */ = {
			isa = PBXResourcesBuildPhase;
			buildActionMask = 2147483647;
			files = (
				846BA201291D32770058A763 /* AddPebbleTableViewCell.xib in Resources */,
				847B794B28EC4CBF000DC20A /* SignUpViewController.xib in Resources */,
				840684272919EF7300A30517 /* AddRockViewController.xib in Resources */,
				84068449291AA4ED00A30517 /* LogoutViewController.xib in Resources */,
				84A64C2528F427E700BB2325 /* PebbleManageViewController.xib in Resources */,
				84068459291BA97800A30517 /* OnboardingViewController.xib in Resources */,
				84068444291A83ED00A30517 /* OptionViewController.xib in Resources */,
				846BA213291E31360058A763 /* RockDetailViewController.xib in Resources */,
				84A64C2A28F4282000BB2325 /* MyStoneTowerViewController.xib in Resources */,
				8406844E291AB74B00A30517 /* SignWithdrawalViewController.xib in Resources */,
				84C56366291E4BF200460FB9 /* SandDetailCollectionViewCell.xib in Resources */,
				84C56370291E70E300460FB9 /* FirstSignUpViewController.xib in Resources */,
				84CC3F4F2911F3A400E151E1 /* TodoCollectionViewCell.xib in Resources */,
				847B78B028E5E8D6000DC20A /* LaunchScreen.storyboard in Resources */,
				847B793D28EB7A6B000DC20A /* LaunchScreen.png in Resources */,
				847B793028EB6E34000DC20A /* LoginViewController.xib in Resources */,
				840684222916E67F00A30517 /* SignInViewController.xib in Resources */,
				84068439291A039100A30517 /* CalendarPopUpViewController.xib in Resources */,
				84A64C2128F427D500BB2325 /* HomeViewController.xib in Resources */,
				8484EE15291C2A8C00F96E4B /* Assets.xcassets in Resources */,
				846BA206291E1A8B0058A763 /* RockCollectionViewCell.xib in Resources */,
				84C56362291E4BE200460FB9 /* PebbleDetailCollectionViewCell.xib in Resources */,
				8484EE2B291D308300F96E4B /* AddPebblesViewController.xib in Resources */,
				84CC3F462911F00100E151E1 /* HabitCollectionViewCell.xib in Resources */,
			);
			runOnlyForDeploymentPostprocessing = 0;
		};
/* End PBXResourcesBuildPhase section */

/* Begin PBXShellScriptBuildPhase section */
		D1E8D255B15415DC8B043AAA /* [CP] Check Pods Manifest.lock */ = {
			isa = PBXShellScriptBuildPhase;
			buildActionMask = 2147483647;
			files = (
			);
			inputFileListPaths = (
			);
			inputPaths = (
				"${PODS_PODFILE_DIR_PATH}/Podfile.lock",
				"${PODS_ROOT}/Manifest.lock",
			);
			name = "[CP] Check Pods Manifest.lock";
			outputFileListPaths = (
			);
			outputPaths = (
				"$(DERIVED_FILE_DIR)/Pods-Pebbles-checkManifestLockResult.txt",
			);
			runOnlyForDeploymentPostprocessing = 0;
			shellPath = /bin/sh;
			shellScript = "diff \"${PODS_PODFILE_DIR_PATH}/Podfile.lock\" \"${PODS_ROOT}/Manifest.lock\" > /dev/null\nif [ $? != 0 ] ; then\n    # print error to STDERR\n    echo \"error: The sandbox is not in sync with the Podfile.lock. Run 'pod install' or update your CocoaPods installation.\" >&2\n    exit 1\nfi\n# This output is used by Xcode 'outputs' to avoid re-running this script phase.\necho \"SUCCESS\" > \"${SCRIPT_OUTPUT_FILE_0}\"\n";
			showEnvVarsInLog = 0;
		};
		F0983D1894EE747F504D9B00 /* [CP] Embed Pods Frameworks */ = {
			isa = PBXShellScriptBuildPhase;
			buildActionMask = 2147483647;
			files = (
			);
			inputFileListPaths = (
				"${PODS_ROOT}/Target Support Files/Pods-Pebbles/Pods-Pebbles-frameworks-${CONFIGURATION}-input-files.xcfilelist",
			);
			name = "[CP] Embed Pods Frameworks";
			outputFileListPaths = (
				"${PODS_ROOT}/Target Support Files/Pods-Pebbles/Pods-Pebbles-frameworks-${CONFIGURATION}-output-files.xcfilelist",
			);
			runOnlyForDeploymentPostprocessing = 0;
			shellPath = /bin/sh;
			shellScript = "\"${PODS_ROOT}/Target Support Files/Pods-Pebbles/Pods-Pebbles-frameworks.sh\"\n";
			showEnvVarsInLog = 0;
		};
/* End PBXShellScriptBuildPhase section */

/* Begin PBXSourcesBuildPhase section */
		847B789C28E5E8D3000DC20A /* Sources */ = {
			isa = PBXSourcesBuildPhase;
			buildActionMask = 2147483647;
			files = (
				847B78DE28E9DB15000DC20A /* IndicatorView.swift in Sources */,
				84068448291AA4ED00A30517 /* LogoutViewController.swift in Sources */,
				84C56361291E4BE200460FB9 /* PebbleDetailCollectionViewCell.swift in Sources */,
				847B78A428E5E8D3000DC20A /* AppDelegate.swift in Sources */,
				84A64C2928F4282000BB2325 /* MyStoneTowerViewController.swift in Sources */,
				847B78D228E9DAD6000DC20A /* UINavigationBar.swift in Sources */,
				84C5636C291E4DB800460FB9 /* GetHighlightDetailInfoDataManager.swift in Sources */,
				84CC3F5229128E7D00E151E1 /* HomeModel.swift in Sources */,
				840684212916E67F00A30517 /* SignInViewController.swift in Sources */,
				84CC3F572912A0CC00E151E1 /* GetHomeDataManager.swift in Sources */,
				84C56365291E4BF200460FB9 /* SandDetailCollectionViewCell.swift in Sources */,
				847B78DC28E9DAFE000DC20A /* Device.swift in Sources */,
				847B78D028E9DAC3000DC20A /* UIViewController.swift in Sources */,
				846BA212291E31360058A763 /* RockDetailViewController.swift in Sources */,
				847B78CC28E9DAA6000DC20A /* String.swift in Sources */,
				847B798128EC757C000DC20A /* WriteFutureViewModel.swift in Sources */,
				847B78C028E9DA65000DC20A /* BaseViewController.swift in Sources */,
				840684172916A9E200A30517 /* DuplicateModel.swift in Sources */,
				846BA20F291E1DF90058A763 /* GetRockInfoDataManager.swift in Sources */,
				84CC3F4E2911F3A400E151E1 /* TodoCollectionViewCell.swift in Sources */,
				84C22CC1290EA6C2002699E4 /* SignInDataManager.swift in Sources */,
				847B792F28EB6E34000DC20A /* LoginViewController.swift in Sources */,
				84CC3F452911F00100E151E1 /* HabitCollectionViewCell.swift in Sources */,
				84C22CBD290EA6A8002699E4 /* SignInModel.swift in Sources */,
				84068454291B2C6600A30517 /* PostSignWithdrawalDataManager.swift in Sources */,
				847B78D628E9DAE7000DC20A /* UIImage.swift in Sources */,
				8484EE2A291D308300F96E4B /* AddPebblesViewController.swift in Sources */,
				847B794228EB95A7000DC20A /* Secret.swift in Sources */,
				846BA205291E1A8B0058A763 /* RockCollectionViewCell.swift in Sources */,
				847B78C828E9DA94000DC20A /* Date.swift in Sources */,
				840684262919EF7300A30517 /* AddRockViewController.swift in Sources */,
				84C5636F291E70E300460FB9 /* FirstSignUpViewController.swift in Sources */,
				847B78D828E9DAED000DC20A /* UIImageView.swift in Sources */,
				8406843D291A41B600A30517 /* PostHighlightReq.swift in Sources */,
				847B78CA28E9DA9B000DC20A /* UIColor.swift in Sources */,
				84C22CBF290EA6B7002699E4 /* SignUpDataManager.swift in Sources */,
				847B78D428E9DADC000DC20A /* UIFont.swift in Sources */,
				847B794A28EC4CBF000DC20A /* SignUpViewController.swift in Sources */,
				84C22CBB290EA6A0002699E4 /* SignUpModel.swift in Sources */,
				847B793B28EB78FB000DC20A /* SceneDelegate.swift in Sources */,
				847B78DA28E9DAF1000DC20A /* UIView.swift in Sources */,
				84C56369291E4CE200460FB9 /* HighlightDetailModel.swift in Sources */,
				84068451291B2BF300A30517 /* SignWithdrawalModel.swift in Sources */,
				8406842F2919F8AD00A30517 /* UIWindow.swift in Sources */,
				84A64C2028F427D500BB2325 /* HomeViewController.swift in Sources */,
				84068458291BA97800A30517 /* OnboardingViewController.swift in Sources */,
				847B78CE28E9DAAE000DC20A /* UIButton.swift in Sources */,
				8406844D291AB74B00A30517 /* SignWithdrawalViewController.swift in Sources */,
				84F4765828EF830300B6F755 /* UIScrollView.swift in Sources */,
				846BA20B291E1D900058A763 /* RockInfoModel.swift in Sources */,
				847B799B28ECA90B000DC20A /* XibView.swift in Sources */,
				8406843F291A41C400A30517 /* PostHighlightRes.swift in Sources */,
				8439D46328F0B97000D9161C /* UITextField.swift in Sources */,
				847B797F28EC7556000DC20A /* WriteNickNameViewModel.swift in Sources */,
				847B78C228E9DA72000DC20A /* BaseTabbarViewController.swift in Sources */,
				840684192916A9F100A30517 /* DuplicateDataManager.swift in Sources */,
				84A64C2428F427E700BB2325 /* PebbleManageViewController.swift in Sources */,
				847B78BE28E9DA54000DC20A /* Constant.swift in Sources */,
				846BA200291D32770058A763 /* AddPebbleTableViewCell.swift in Sources */,
				84068438291A039100A30517 /* CalendarPopUpViewController.swift in Sources */,
				84068443291A83ED00A30517 /* OptionViewController.swift in Sources */,
			);
			runOnlyForDeploymentPostprocessing = 0;
		};
/* End PBXSourcesBuildPhase section */

/* Begin PBXVariantGroup section */
		847B78AE28E5E8D6000DC20A /* LaunchScreen.storyboard */ = {
			isa = PBXVariantGroup;
			children = (
				847B78AF28E5E8D6000DC20A /* Base */,
			);
			name = LaunchScreen.storyboard;
			sourceTree = "<group>";
		};
/* End PBXVariantGroup section */

/* Begin XCBuildConfiguration section */
		847B78B228E5E8D6000DC20A /* Debug */ = {
			isa = XCBuildConfiguration;
			buildSettings = {
				ALWAYS_SEARCH_USER_PATHS = NO;
				CLANG_ANALYZER_NONNULL = YES;
				CLANG_ANALYZER_NUMBER_OBJECT_CONVERSION = YES_AGGRESSIVE;
				CLANG_CXX_LANGUAGE_STANDARD = "gnu++17";
				CLANG_ENABLE_MODULES = YES;
				CLANG_ENABLE_OBJC_ARC = YES;
				CLANG_ENABLE_OBJC_WEAK = YES;
				CLANG_WARN_BLOCK_CAPTURE_AUTORELEASING = YES;
				CLANG_WARN_BOOL_CONVERSION = YES;
				CLANG_WARN_COMMA = YES;
				CLANG_WARN_CONSTANT_CONVERSION = YES;
				CLANG_WARN_DEPRECATED_OBJC_IMPLEMENTATIONS = YES;
				CLANG_WARN_DIRECT_OBJC_ISA_USAGE = YES_ERROR;
				CLANG_WARN_DOCUMENTATION_COMMENTS = YES;
				CLANG_WARN_EMPTY_BODY = YES;
				CLANG_WARN_ENUM_CONVERSION = YES;
				CLANG_WARN_INFINITE_RECURSION = YES;
				CLANG_WARN_INT_CONVERSION = YES;
				CLANG_WARN_NON_LITERAL_NULL_CONVERSION = YES;
				CLANG_WARN_OBJC_IMPLICIT_RETAIN_SELF = YES;
				CLANG_WARN_OBJC_LITERAL_CONVERSION = YES;
				CLANG_WARN_OBJC_ROOT_CLASS = YES_ERROR;
				CLANG_WARN_QUOTED_INCLUDE_IN_FRAMEWORK_HEADER = YES;
				CLANG_WARN_RANGE_LOOP_ANALYSIS = YES;
				CLANG_WARN_STRICT_PROTOTYPES = YES;
				CLANG_WARN_SUSPICIOUS_MOVE = YES;
				CLANG_WARN_UNGUARDED_AVAILABILITY = YES_AGGRESSIVE;
				CLANG_WARN_UNREACHABLE_CODE = YES;
				CLANG_WARN__DUPLICATE_METHOD_MATCH = YES;
				COPY_PHASE_STRIP = NO;
				DEBUG_INFORMATION_FORMAT = dwarf;
				ENABLE_STRICT_OBJC_MSGSEND = YES;
				ENABLE_TESTABILITY = YES;
				GCC_C_LANGUAGE_STANDARD = gnu11;
				GCC_DYNAMIC_NO_PIC = NO;
				GCC_NO_COMMON_BLOCKS = YES;
				GCC_OPTIMIZATION_LEVEL = 0;
				GCC_PREPROCESSOR_DEFINITIONS = (
					"DEBUG=1",
					"$(inherited)",
				);
				GCC_WARN_64_TO_32_BIT_CONVERSION = YES;
				GCC_WARN_ABOUT_RETURN_TYPE = YES_ERROR;
				GCC_WARN_UNDECLARED_SELECTOR = YES;
				GCC_WARN_UNINITIALIZED_AUTOS = YES_AGGRESSIVE;
				GCC_WARN_UNUSED_FUNCTION = YES;
				GCC_WARN_UNUSED_VARIABLE = YES;
				IPHONEOS_DEPLOYMENT_TARGET = 14.0;
				MTL_ENABLE_DEBUG_INFO = INCLUDE_SOURCE;
				MTL_FAST_MATH = YES;
				ONLY_ACTIVE_ARCH = YES;
				SDKROOT = iphoneos;
				SWIFT_ACTIVE_COMPILATION_CONDITIONS = DEBUG;
				SWIFT_OPTIMIZATION_LEVEL = "-Onone";
			};
			name = Debug;
		};
		847B78B328E5E8D6000DC20A /* Release */ = {
			isa = XCBuildConfiguration;
			buildSettings = {
				ALWAYS_SEARCH_USER_PATHS = NO;
				CLANG_ANALYZER_NONNULL = YES;
				CLANG_ANALYZER_NUMBER_OBJECT_CONVERSION = YES_AGGRESSIVE;
				CLANG_CXX_LANGUAGE_STANDARD = "gnu++17";
				CLANG_ENABLE_MODULES = YES;
				CLANG_ENABLE_OBJC_ARC = YES;
				CLANG_ENABLE_OBJC_WEAK = YES;
				CLANG_WARN_BLOCK_CAPTURE_AUTORELEASING = YES;
				CLANG_WARN_BOOL_CONVERSION = YES;
				CLANG_WARN_COMMA = YES;
				CLANG_WARN_CONSTANT_CONVERSION = YES;
				CLANG_WARN_DEPRECATED_OBJC_IMPLEMENTATIONS = YES;
				CLANG_WARN_DIRECT_OBJC_ISA_USAGE = YES_ERROR;
				CLANG_WARN_DOCUMENTATION_COMMENTS = YES;
				CLANG_WARN_EMPTY_BODY = YES;
				CLANG_WARN_ENUM_CONVERSION = YES;
				CLANG_WARN_INFINITE_RECURSION = YES;
				CLANG_WARN_INT_CONVERSION = YES;
				CLANG_WARN_NON_LITERAL_NULL_CONVERSION = YES;
				CLANG_WARN_OBJC_IMPLICIT_RETAIN_SELF = YES;
				CLANG_WARN_OBJC_LITERAL_CONVERSION = YES;
				CLANG_WARN_OBJC_ROOT_CLASS = YES_ERROR;
				CLANG_WARN_QUOTED_INCLUDE_IN_FRAMEWORK_HEADER = YES;
				CLANG_WARN_RANGE_LOOP_ANALYSIS = YES;
				CLANG_WARN_STRICT_PROTOTYPES = YES;
				CLANG_WARN_SUSPICIOUS_MOVE = YES;
				CLANG_WARN_UNGUARDED_AVAILABILITY = YES_AGGRESSIVE;
				CLANG_WARN_UNREACHABLE_CODE = YES;
				CLANG_WARN__DUPLICATE_METHOD_MATCH = YES;
				COPY_PHASE_STRIP = NO;
				DEBUG_INFORMATION_FORMAT = "dwarf-with-dsym";
				ENABLE_NS_ASSERTIONS = NO;
				ENABLE_STRICT_OBJC_MSGSEND = YES;
				GCC_C_LANGUAGE_STANDARD = gnu11;
				GCC_NO_COMMON_BLOCKS = YES;
				GCC_WARN_64_TO_32_BIT_CONVERSION = YES;
				GCC_WARN_ABOUT_RETURN_TYPE = YES_ERROR;
				GCC_WARN_UNDECLARED_SELECTOR = YES;
				GCC_WARN_UNINITIALIZED_AUTOS = YES_AGGRESSIVE;
				GCC_WARN_UNUSED_FUNCTION = YES;
				GCC_WARN_UNUSED_VARIABLE = YES;
				IPHONEOS_DEPLOYMENT_TARGET = 14.0;
				MTL_ENABLE_DEBUG_INFO = NO;
				MTL_FAST_MATH = YES;
				SDKROOT = iphoneos;
				SWIFT_COMPILATION_MODE = wholemodule;
				SWIFT_OPTIMIZATION_LEVEL = "-O";
				VALIDATE_PRODUCT = YES;
			};
			name = Release;
		};
		847B78B528E5E8D6000DC20A /* Debug */ = {
			isa = XCBuildConfiguration;
			baseConfigurationReference = 84D5A57114568676E81C6FE6 /* Pods-Pebbles.debug.xcconfig */;
			buildSettings = {
				ASSETCATALOG_COMPILER_APPICON_NAME = AppIcon;
				ASSETCATALOG_COMPILER_GLOBAL_ACCENT_COLOR_NAME = AccentColor;
				ASSETCATALOG_COMPILER_INCLUDE_ALL_APPICON_ASSETS = YES;
				CODE_SIGN_STYLE = Automatic;
				CURRENT_PROJECT_VERSION = 1;
				DEVELOPMENT_TEAM = QDZ5VUDS9T;
				GENERATE_INFOPLIST_FILE = YES;
				INFOPLIST_FILE = Pebbles/Info.plist;
				INFOPLIST_KEY_LSApplicationCategoryType = "public.app-category.lifestyle";
				INFOPLIST_KEY_UIApplicationSupportsIndirectInputEvents = YES;
				INFOPLIST_KEY_UILaunchStoryboardName = LaunchScreen;
				INFOPLIST_KEY_UIStatusBarStyle = UIStatusBarStyleDarkContent;
				INFOPLIST_KEY_UISupportedInterfaceOrientations = UIInterfaceOrientationPortrait;
				INFOPLIST_KEY_UISupportedInterfaceOrientations_iPad = "UIInterfaceOrientationPortrait UIInterfaceOrientationPortraitUpsideDown UIInterfaceOrientationLandscapeLeft UIInterfaceOrientationLandscapeRight";
				INFOPLIST_KEY_UISupportedInterfaceOrientations_iPhone = "UIInterfaceOrientationPortrait UIInterfaceOrientationLandscapeLeft UIInterfaceOrientationLandscapeRight";
				IPHONEOS_DEPLOYMENT_TARGET = 14.0;
				LD_RUNPATH_SEARCH_PATHS = (
					"$(inherited)",
					"@executable_path/Frameworks",
				);
				MARKETING_VERSION = 1.0;
				PRODUCT_BUNDLE_IDENTIFIER = "com.harupuppyPebbles-iOS";
				PRODUCT_NAME = "$(TARGET_NAME)";
				SUPPORTED_PLATFORMS = "iphoneos iphonesimulator";
				SUPPORTS_MACCATALYST = NO;
				SUPPORTS_MAC_DESIGNED_FOR_IPHONE_IPAD = NO;
				SWIFT_EMIT_LOC_STRINGS = YES;
				SWIFT_VERSION = 5.0;
				TARGETED_DEVICE_FAMILY = 1;
			};
			name = Debug;
		};
		847B78B628E5E8D6000DC20A /* Release */ = {
			isa = XCBuildConfiguration;
			baseConfigurationReference = 68D1D21C981C4D61E61FB5E9 /* Pods-Pebbles.release.xcconfig */;
			buildSettings = {
				ASSETCATALOG_COMPILER_APPICON_NAME = AppIcon;
				ASSETCATALOG_COMPILER_GLOBAL_ACCENT_COLOR_NAME = AccentColor;
				ASSETCATALOG_COMPILER_INCLUDE_ALL_APPICON_ASSETS = YES;
				CODE_SIGN_STYLE = Automatic;
				CURRENT_PROJECT_VERSION = 1;
				DEVELOPMENT_TEAM = QDZ5VUDS9T;
				GENERATE_INFOPLIST_FILE = YES;
				INFOPLIST_FILE = Pebbles/Info.plist;
				INFOPLIST_KEY_LSApplicationCategoryType = "public.app-category.lifestyle";
				INFOPLIST_KEY_UIApplicationSupportsIndirectInputEvents = YES;
				INFOPLIST_KEY_UILaunchStoryboardName = LaunchScreen;
				INFOPLIST_KEY_UIStatusBarStyle = UIStatusBarStyleDarkContent;
				INFOPLIST_KEY_UISupportedInterfaceOrientations = UIInterfaceOrientationPortrait;
				INFOPLIST_KEY_UISupportedInterfaceOrientations_iPad = "UIInterfaceOrientationPortrait UIInterfaceOrientationPortraitUpsideDown UIInterfaceOrientationLandscapeLeft UIInterfaceOrientationLandscapeRight";
				INFOPLIST_KEY_UISupportedInterfaceOrientations_iPhone = "UIInterfaceOrientationPortrait UIInterfaceOrientationLandscapeLeft UIInterfaceOrientationLandscapeRight";
				IPHONEOS_DEPLOYMENT_TARGET = 14.0;
				LD_RUNPATH_SEARCH_PATHS = (
					"$(inherited)",
					"@executable_path/Frameworks",
				);
				MARKETING_VERSION = 1.0;
				PRODUCT_BUNDLE_IDENTIFIER = "com.harupuppyPebbles-iOS";
				PRODUCT_NAME = "$(TARGET_NAME)";
				SUPPORTED_PLATFORMS = "iphoneos iphonesimulator";
				SUPPORTS_MACCATALYST = NO;
				SUPPORTS_MAC_DESIGNED_FOR_IPHONE_IPAD = NO;
				SWIFT_EMIT_LOC_STRINGS = YES;
				SWIFT_VERSION = 5.0;
				TARGETED_DEVICE_FAMILY = 1;
			};
			name = Release;
		};
/* End XCBuildConfiguration section */

/* Begin XCConfigurationList section */
		847B789B28E5E8D3000DC20A /* Build configuration list for PBXProject "Pebbles" */ = {
			isa = XCConfigurationList;
			buildConfigurations = (
				847B78B228E5E8D6000DC20A /* Debug */,
				847B78B328E5E8D6000DC20A /* Release */,
			);
			defaultConfigurationIsVisible = 0;
			defaultConfigurationName = Release;
		};
		847B78B428E5E8D6000DC20A /* Build configuration list for PBXNativeTarget "Pebbles" */ = {
			isa = XCConfigurationList;
			buildConfigurations = (
				847B78B528E5E8D6000DC20A /* Debug */,
				847B78B628E5E8D6000DC20A /* Release */,
			);
			defaultConfigurationIsVisible = 0;
			defaultConfigurationName = Release;
		};
/* End XCConfigurationList section */
	};
	rootObject = 847B789828E5E8D3000DC20A /* Project object */;
}
