// !$*UTF8*$!
{
	archiveVersion = 1;
	classes = {
	};
	objectVersion = 55;
	objects = {

/* Begin PBXBuildFile section */
		847B78A428E5E8D3000DC20A /* AppDelegate.swift in Sources */ = {isa = PBXBuildFile; fileRef = 847B78A328E5E8D3000DC20A /* AppDelegate.swift */; };
		847B78A628E5E8D3000DC20A /* SceneDelegate.swift in Sources */ = {isa = PBXBuildFile; fileRef = 847B78A528E5E8D3000DC20A /* SceneDelegate.swift */; };
		847B78AD28E5E8D6000DC20A /* Assets.xcassets in Resources */ = {isa = PBXBuildFile; fileRef = 847B78AC28E5E8D6000DC20A /* Assets.xcassets */; };
		847B78B028E5E8D6000DC20A /* LaunchScreen.storyboard in Resources */ = {isa = PBXBuildFile; fileRef = 847B78AE28E5E8D6000DC20A /* LaunchScreen.storyboard */; };
		847B78BE28E9DA54000DC20A /* Constant.swift in Sources */ = {isa = PBXBuildFile; fileRef = 847B78BD28E9DA54000DC20A /* Constant.swift */; };
		847B78C028E9DA65000DC20A /* BaseViewController.swift in Sources */ = {isa = PBXBuildFile; fileRef = 847B78BF28E9DA65000DC20A /* BaseViewController.swift */; };
		847B78C228E9DA72000DC20A /* BaseTabbarViewController.swift in Sources */ = {isa = PBXBuildFile; fileRef = 847B78C128E9DA72000DC20A /* BaseTabbarViewController.swift */; };
		847B78C428E9DA79000DC20A /* Font.swift in Sources */ = {isa = PBXBuildFile; fileRef = 847B78C328E9DA79000DC20A /* Font.swift */; };
		847B78C628E9DA8D000DC20A /* Secret.swift in Sources */ = {isa = PBXBuildFile; fileRef = 847B78C528E9DA8D000DC20A /* Secret.swift */; };
		847B78C828E9DA94000DC20A /* Date.swift in Sources */ = {isa = PBXBuildFile; fileRef = 847B78C728E9DA94000DC20A /* Date.swift */; };
		847B78CA28E9DA9B000DC20A /* UIColor.swift in Sources */ = {isa = PBXBuildFile; fileRef = 847B78C928E9DA9B000DC20A /* UIColor.swift */; };
		847B78CC28E9DAA6000DC20A /* String.swift in Sources */ = {isa = PBXBuildFile; fileRef = 847B78CB28E9DAA6000DC20A /* String.swift */; };
		847B78CE28E9DAAE000DC20A /* UIButton.swift in Sources */ = {isa = PBXBuildFile; fileRef = 847B78CD28E9DAAE000DC20A /* UIButton.swift */; };
		847B78D028E9DAC3000DC20A /* UIViewController.swift in Sources */ = {isa = PBXBuildFile; fileRef = 847B78CF28E9DAC3000DC20A /* UIViewController.swift */; };
		847B78D228E9DAD6000DC20A /* UINavigationBar.swift in Sources */ = {isa = PBXBuildFile; fileRef = 847B78D128E9DAD6000DC20A /* UINavigationBar.swift */; };
		847B78D428E9DADC000DC20A /* UIFont.swift in Sources */ = {isa = PBXBuildFile; fileRef = 847B78D328E9DADC000DC20A /* UIFont.swift */; };
		847B78D628E9DAE7000DC20A /* UIImage.swift in Sources */ = {isa = PBXBuildFile; fileRef = 847B78D528E9DAE7000DC20A /* UIImage.swift */; };
		847B78D828E9DAED000DC20A /* UIImageView.swift in Sources */ = {isa = PBXBuildFile; fileRef = 847B78D728E9DAED000DC20A /* UIImageView.swift */; };
		847B78DA28E9DAF1000DC20A /* UIView.swift in Sources */ = {isa = PBXBuildFile; fileRef = 847B78D928E9DAF1000DC20A /* UIView.swift */; };
		847B78DC28E9DAFE000DC20A /* Device.swift in Sources */ = {isa = PBXBuildFile; fileRef = 847B78DB28E9DAFE000DC20A /* Device.swift */; };
		847B78DE28E9DB15000DC20A /* IndicatorView.swift in Sources */ = {isa = PBXBuildFile; fileRef = 847B78DD28E9DB15000DC20A /* IndicatorView.swift */; };
/* End PBXBuildFile section */

/* Begin PBXFileReference section */
		847B78A028E5E8D3000DC20A /* Pebbles.app */ = {isa = PBXFileReference; explicitFileType = wrapper.application; includeInIndex = 0; path = Pebbles.app; sourceTree = BUILT_PRODUCTS_DIR; };
		847B78A328E5E8D3000DC20A /* AppDelegate.swift */ = {isa = PBXFileReference; lastKnownFileType = sourcecode.swift; path = AppDelegate.swift; sourceTree = "<group>"; };
		847B78A528E5E8D3000DC20A /* SceneDelegate.swift */ = {isa = PBXFileReference; lastKnownFileType = sourcecode.swift; path = SceneDelegate.swift; sourceTree = "<group>"; };
		847B78AC28E5E8D6000DC20A /* Assets.xcassets */ = {isa = PBXFileReference; lastKnownFileType = folder.assetcatalog; path = Assets.xcassets; sourceTree = "<group>"; };
		847B78AF28E5E8D6000DC20A /* Base */ = {isa = PBXFileReference; lastKnownFileType = file.storyboard; name = Base; path = Base.lproj/LaunchScreen.storyboard; sourceTree = "<group>"; };
		847B78B128E5E8D6000DC20A /* Info.plist */ = {isa = PBXFileReference; lastKnownFileType = text.plist.xml; path = Info.plist; sourceTree = "<group>"; };
		847B78BD28E9DA54000DC20A /* Constant.swift */ = {isa = PBXFileReference; lastKnownFileType = sourcecode.swift; path = Constant.swift; sourceTree = "<group>"; };
		847B78BF28E9DA65000DC20A /* BaseViewController.swift */ = {isa = PBXFileReference; lastKnownFileType = sourcecode.swift; path = BaseViewController.swift; sourceTree = "<group>"; };
		847B78C128E9DA72000DC20A /* BaseTabbarViewController.swift */ = {isa = PBXFileReference; lastKnownFileType = sourcecode.swift; path = BaseTabbarViewController.swift; sourceTree = "<group>"; };
		847B78C328E9DA79000DC20A /* Font.swift */ = {isa = PBXFileReference; lastKnownFileType = sourcecode.swift; path = Font.swift; sourceTree = "<group>"; };
		847B78C528E9DA8D000DC20A /* Secret.swift */ = {isa = PBXFileReference; lastKnownFileType = sourcecode.swift; path = Secret.swift; sourceTree = "<group>"; };
		847B78C728E9DA94000DC20A /* Date.swift */ = {isa = PBXFileReference; lastKnownFileType = sourcecode.swift; path = Date.swift; sourceTree = "<group>"; };
		847B78C928E9DA9B000DC20A /* UIColor.swift */ = {isa = PBXFileReference; lastKnownFileType = sourcecode.swift; path = UIColor.swift; sourceTree = "<group>"; };
		847B78CB28E9DAA6000DC20A /* String.swift */ = {isa = PBXFileReference; lastKnownFileType = sourcecode.swift; path = String.swift; sourceTree = "<group>"; };
		847B78CD28E9DAAE000DC20A /* UIButton.swift */ = {isa = PBXFileReference; lastKnownFileType = sourcecode.swift; path = UIButton.swift; sourceTree = "<group>"; };
		847B78CF28E9DAC3000DC20A /* UIViewController.swift */ = {isa = PBXFileReference; lastKnownFileType = sourcecode.swift; path = UIViewController.swift; sourceTree = "<group>"; };
		847B78D128E9DAD6000DC20A /* UINavigationBar.swift */ = {isa = PBXFileReference; lastKnownFileType = sourcecode.swift; path = UINavigationBar.swift; sourceTree = "<group>"; };
		847B78D328E9DADC000DC20A /* UIFont.swift */ = {isa = PBXFileReference; lastKnownFileType = sourcecode.swift; path = UIFont.swift; sourceTree = "<group>"; };
		847B78D528E9DAE7000DC20A /* UIImage.swift */ = {isa = PBXFileReference; lastKnownFileType = sourcecode.swift; path = UIImage.swift; sourceTree = "<group>"; };
		847B78D728E9DAED000DC20A /* UIImageView.swift */ = {isa = PBXFileReference; lastKnownFileType = sourcecode.swift; path = UIImageView.swift; sourceTree = "<group>"; };
		847B78D928E9DAF1000DC20A /* UIView.swift */ = {isa = PBXFileReference; lastKnownFileType = sourcecode.swift; path = UIView.swift; sourceTree = "<group>"; };
		847B78DB28E9DAFE000DC20A /* Device.swift */ = {isa = PBXFileReference; lastKnownFileType = sourcecode.swift; path = Device.swift; sourceTree = "<group>"; };
		847B78DD28E9DB15000DC20A /* IndicatorView.swift */ = {isa = PBXFileReference; lastKnownFileType = sourcecode.swift; path = IndicatorView.swift; sourceTree = "<group>"; };
/* End PBXFileReference section */

/* Begin PBXFrameworksBuildPhase section */
		847B789D28E5E8D3000DC20A /* Frameworks */ = {
			isa = PBXFrameworksBuildPhase;
			buildActionMask = 2147483647;
			files = (
			);
			runOnlyForDeploymentPostprocessing = 0;
		};
/* End PBXFrameworksBuildPhase section */

/* Begin PBXGroup section */
		847B789728E5E8D3000DC20A = {
			isa = PBXGroup;
			children = (
				847B78A228E5E8D3000DC20A /* Pebbles */,
				847B78A128E5E8D3000DC20A /* Products */,
			);
			sourceTree = "<group>";
		};
		847B78A128E5E8D3000DC20A /* Products */ = {
			isa = PBXGroup;
			children = (
				847B78A028E5E8D3000DC20A /* Pebbles.app */,
			);
			name = Products;
			sourceTree = "<group>";
		};
		847B78A228E5E8D3000DC20A /* Pebbles */ = {
			isa = PBXGroup;
			children = (
				847B78B728E9D9C2000DC20A /* Configuration */,
				847B78A328E5E8D3000DC20A /* AppDelegate.swift */,
				847B78A528E5E8D3000DC20A /* SceneDelegate.swift */,
				847B78AC28E5E8D6000DC20A /* Assets.xcassets */,
				847B78AE28E5E8D6000DC20A /* LaunchScreen.storyboard */,
				847B78B128E5E8D6000DC20A /* Info.plist */,
			);
			path = Pebbles;
			sourceTree = "<group>";
		};
		847B78B728E9D9C2000DC20A /* Configuration */ = {
			isa = PBXGroup;
			children = (
				847B78BC28E9DA23000DC20A /* CustomClass */,
				847B78BB28E9DA16000DC20A /* Extension */,
				847B78BA28E9DA13000DC20A /* Secret */,
				847B78B928E9DA0F000DC20A /* Font */,
				847B78B828E9DA06000DC20A /* Base */,
				847B78BD28E9DA54000DC20A /* Constant.swift */,
			);
			path = Configuration;
			sourceTree = "<group>";
		};
		847B78B828E9DA06000DC20A /* Base */ = {
			isa = PBXGroup;
			children = (
				847B78BF28E9DA65000DC20A /* BaseViewController.swift */,
				847B78C128E9DA72000DC20A /* BaseTabbarViewController.swift */,
			);
			path = Base;
			sourceTree = "<group>";
		};
		847B78B928E9DA0F000DC20A /* Font */ = {
			isa = PBXGroup;
			children = (
				847B78C328E9DA79000DC20A /* Font.swift */,
			);
			path = Font;
			sourceTree = "<group>";
		};
		847B78BA28E9DA13000DC20A /* Secret */ = {
			isa = PBXGroup;
			children = (
				847B78C528E9DA8D000DC20A /* Secret.swift */,
			);
			path = Secret;
			sourceTree = "<group>";
		};
		847B78BB28E9DA16000DC20A /* Extension */ = {
			isa = PBXGroup;
			children = (
				847B78C728E9DA94000DC20A /* Date.swift */,
				847B78C928E9DA9B000DC20A /* UIColor.swift */,
				847B78CB28E9DAA6000DC20A /* String.swift */,
				847B78CD28E9DAAE000DC20A /* UIButton.swift */,
				847B78CF28E9DAC3000DC20A /* UIViewController.swift */,
				847B78D128E9DAD6000DC20A /* UINavigationBar.swift */,
				847B78D328E9DADC000DC20A /* UIFont.swift */,
				847B78D528E9DAE7000DC20A /* UIImage.swift */,
				847B78D728E9DAED000DC20A /* UIImageView.swift */,
				847B78D928E9DAF1000DC20A /* UIView.swift */,
			);
			path = Extension;
			sourceTree = "<group>";
		};
		847B78BC28E9DA23000DC20A /* CustomClass */ = {
			isa = PBXGroup;
			children = (
				847B78DB28E9DAFE000DC20A /* Device.swift */,
				847B78DD28E9DB15000DC20A /* IndicatorView.swift */,
			);
			path = CustomClass;
			sourceTree = "<group>";
		};
/* End PBXGroup section */

/* Begin PBXNativeTarget section */
		847B789F28E5E8D3000DC20A /* Pebbles */ = {
			isa = PBXNativeTarget;
			buildConfigurationList = 847B78B428E5E8D6000DC20A /* Build configuration list for PBXNativeTarget "Pebbles" */;
			buildPhases = (
				847B789C28E5E8D3000DC20A /* Sources */,
				847B789D28E5E8D3000DC20A /* Frameworks */,
				847B789E28E5E8D3000DC20A /* Resources */,
			);
			buildRules = (
			);
			dependencies = (
			);
			name = Pebbles;
			productName = Pebbles;
			productReference = 847B78A028E5E8D3000DC20A /* Pebbles.app */;
			productType = "com.apple.product-type.application";
		};
/* End PBXNativeTarget section */

/* Begin PBXProject section */
		847B789828E5E8D3000DC20A /* Project object */ = {
			isa = PBXProject;
			attributes = {
				BuildIndependentTargetsInParallel = 1;
				LastSwiftUpdateCheck = 1340;
				LastUpgradeCheck = 1340;
				TargetAttributes = {
					847B789F28E5E8D3000DC20A = {
						CreatedOnToolsVersion = 13.4;
					};
				};
			};
			buildConfigurationList = 847B789B28E5E8D3000DC20A /* Build configuration list for PBXProject "Pebbles" */;
			compatibilityVersion = "Xcode 13.0";
			developmentRegion = en;
			hasScannedForEncodings = 0;
			knownRegions = (
				en,
				Base,
			);
			mainGroup = 847B789728E5E8D3000DC20A;
			productRefGroup = 847B78A128E5E8D3000DC20A /* Products */;
			projectDirPath = "";
			projectRoot = "";
			targets = (
				847B789F28E5E8D3000DC20A /* Pebbles */,
			);
		};
/* End PBXProject section */

/* Begin PBXResourcesBuildPhase section */
		847B789E28E5E8D3000DC20A /* Resources */ = {
			isa = PBXResourcesBuildPhase;
			buildActionMask = 2147483647;
			files = (
				847B78B028E5E8D6000DC20A /* LaunchScreen.storyboard in Resources */,
				847B78AD28E5E8D6000DC20A /* Assets.xcassets in Resources */,
			);
			runOnlyForDeploymentPostprocessing = 0;
		};
/* End PBXResourcesBuildPhase section */

/* Begin PBXSourcesBuildPhase section */
		847B789C28E5E8D3000DC20A /* Sources */ = {
			isa = PBXSourcesBuildPhase;
			buildActionMask = 2147483647;
			files = (
				847B78DE28E9DB15000DC20A /* IndicatorView.swift in Sources */,
				847B78A428E5E8D3000DC20A /* AppDelegate.swift in Sources */,
				847B78D228E9DAD6000DC20A /* UINavigationBar.swift in Sources */,
				847B78C628E9DA8D000DC20A /* Secret.swift in Sources */,
				847B78DC28E9DAFE000DC20A /* Device.swift in Sources */,
				847B78D028E9DAC3000DC20A /* UIViewController.swift in Sources */,
				847B78CC28E9DAA6000DC20A /* String.swift in Sources */,
				847B78C028E9DA65000DC20A /* BaseViewController.swift in Sources */,
				847B78D628E9DAE7000DC20A /* UIImage.swift in Sources */,
				847B78C828E9DA94000DC20A /* Date.swift in Sources */,
				847B78D828E9DAED000DC20A /* UIImageView.swift in Sources */,
				847B78CA28E9DA9B000DC20A /* UIColor.swift in Sources */,
				847B78C428E9DA79000DC20A /* Font.swift in Sources */,
				847B78A628E5E8D3000DC20A /* SceneDelegate.swift in Sources */,
				847B78D428E9DADC000DC20A /* UIFont.swift in Sources */,
				847B78DA28E9DAF1000DC20A /* UIView.swift in Sources */,
				847B78CE28E9DAAE000DC20A /* UIButton.swift in Sources */,
				847B78C228E9DA72000DC20A /* BaseTabbarViewController.swift in Sources */,
				847B78BE28E9DA54000DC20A /* Constant.swift in Sources */,
			);
			runOnlyForDeploymentPostprocessing = 0;
		};
/* End PBXSourcesBuildPhase section */

/* Begin PBXVariantGroup section */
		847B78AE28E5E8D6000DC20A /* LaunchScreen.storyboard */ = {
			isa = PBXVariantGroup;
			children = (
				847B78AF28E5E8D6000DC20A /* Base */,
			);
			name = LaunchScreen.storyboard;
			sourceTree = "<group>";
		};
/* End PBXVariantGroup section */

/* Begin XCBuildConfiguration section */
		847B78B228E5E8D6000DC20A /* Debug */ = {
			isa = XCBuildConfiguration;
			buildSettings = {
				ALWAYS_SEARCH_USER_PATHS = NO;
				CLANG_ANALYZER_NONNULL = YES;
				CLANG_ANALYZER_NUMBER_OBJECT_CONVERSION = YES_AGGRESSIVE;
				CLANG_CXX_LANGUAGE_STANDARD = "gnu++17";
				CLANG_ENABLE_MODULES = YES;
				CLANG_ENABLE_OBJC_ARC = YES;
				CLANG_ENABLE_OBJC_WEAK = YES;
				CLANG_WARN_BLOCK_CAPTURE_AUTORELEASING = YES;
				CLANG_WARN_BOOL_CONVERSION = YES;
				CLANG_WARN_COMMA = YES;
				CLANG_WARN_CONSTANT_CONVERSION = YES;
				CLANG_WARN_DEPRECATED_OBJC_IMPLEMENTATIONS = YES;
				CLANG_WARN_DIRECT_OBJC_ISA_USAGE = YES_ERROR;
				CLANG_WARN_DOCUMENTATION_COMMENTS = YES;
				CLANG_WARN_EMPTY_BODY = YES;
				CLANG_WARN_ENUM_CONVERSION = YES;
				CLANG_WARN_INFINITE_RECURSION = YES;
				CLANG_WARN_INT_CONVERSION = YES;
				CLANG_WARN_NON_LITERAL_NULL_CONVERSION = YES;
				CLANG_WARN_OBJC_IMPLICIT_RETAIN_SELF = YES;
				CLANG_WARN_OBJC_LITERAL_CONVERSION = YES;
				CLANG_WARN_OBJC_ROOT_CLASS = YES_ERROR;
				CLANG_WARN_QUOTED_INCLUDE_IN_FRAMEWORK_HEADER = YES;
				CLANG_WARN_RANGE_LOOP_ANALYSIS = YES;
				CLANG_WARN_STRICT_PROTOTYPES = YES;
				CLANG_WARN_SUSPICIOUS_MOVE = YES;
				CLANG_WARN_UNGUARDED_AVAILABILITY = YES_AGGRESSIVE;
				CLANG_WARN_UNREACHABLE_CODE = YES;
				CLANG_WARN__DUPLICATE_METHOD_MATCH = YES;
				COPY_PHASE_STRIP = NO;
				DEBUG_INFORMATION_FORMAT = dwarf;
				ENABLE_STRICT_OBJC_MSGSEND = YES;
				ENABLE_TESTABILITY = YES;
				GCC_C_LANGUAGE_STANDARD = gnu11;
				GCC_DYNAMIC_NO_PIC = NO;
				GCC_NO_COMMON_BLOCKS = YES;
				GCC_OPTIMIZATION_LEVEL = 0;
				GCC_PREPROCESSOR_DEFINITIONS = (
					"DEBUG=1",
					"$(inherited)",
				);
				GCC_WARN_64_TO_32_BIT_CONVERSION = YES;
				GCC_WARN_ABOUT_RETURN_TYPE = YES_ERROR;
				GCC_WARN_UNDECLARED_SELECTOR = YES;
				GCC_WARN_UNINITIALIZED_AUTOS = YES_AGGRESSIVE;
				GCC_WARN_UNUSED_FUNCTION = YES;
				GCC_WARN_UNUSED_VARIABLE = YES;
				IPHONEOS_DEPLOYMENT_TARGET = 15.5;
				MTL_ENABLE_DEBUG_INFO = INCLUDE_SOURCE;
				MTL_FAST_MATH = YES;
				ONLY_ACTIVE_ARCH = YES;
				SDKROOT = iphoneos;
				SWIFT_ACTIVE_COMPILATION_CONDITIONS = DEBUG;
				SWIFT_OPTIMIZATION_LEVEL = "-Onone";
			};
			name = Debug;
		};
		847B78B328E5E8D6000DC20A /* Release */ = {
			isa = XCBuildConfiguration;
			buildSettings = {
				ALWAYS_SEARCH_USER_PATHS = NO;
				CLANG_ANALYZER_NONNULL = YES;
				CLANG_ANALYZER_NUMBER_OBJECT_CONVERSION = YES_AGGRESSIVE;
				CLANG_CXX_LANGUAGE_STANDARD = "gnu++17";
				CLANG_ENABLE_MODULES = YES;
				CLANG_ENABLE_OBJC_ARC = YES;
				CLANG_ENABLE_OBJC_WEAK = YES;
				CLANG_WARN_BLOCK_CAPTURE_AUTORELEASING = YES;
				CLANG_WARN_BOOL_CONVERSION = YES;
				CLANG_WARN_COMMA = YES;
				CLANG_WARN_CONSTANT_CONVERSION = YES;
				CLANG_WARN_DEPRECATED_OBJC_IMPLEMENTATIONS = YES;
				CLANG_WARN_DIRECT_OBJC_ISA_USAGE = YES_ERROR;
				CLANG_WARN_DOCUMENTATION_COMMENTS = YES;
				CLANG_WARN_EMPTY_BODY = YES;
				CLANG_WARN_ENUM_CONVERSION = YES;
				CLANG_WARN_INFINITE_RECURSION = YES;
				CLANG_WARN_INT_CONVERSION = YES;
				CLANG_WARN_NON_LITERAL_NULL_CONVERSION = YES;
				CLANG_WARN_OBJC_IMPLICIT_RETAIN_SELF = YES;
				CLANG_WARN_OBJC_LITERAL_CONVERSION = YES;
				CLANG_WARN_OBJC_ROOT_CLASS = YES_ERROR;
				CLANG_WARN_QUOTED_INCLUDE_IN_FRAMEWORK_HEADER = YES;
				CLANG_WARN_RANGE_LOOP_ANALYSIS = YES;
				CLANG_WARN_STRICT_PROTOTYPES = YES;
				CLANG_WARN_SUSPICIOUS_MOVE = YES;
				CLANG_WARN_UNGUARDED_AVAILABILITY = YES_AGGRESSIVE;
				CLANG_WARN_UNREACHABLE_CODE = YES;
				CLANG_WARN__DUPLICATE_METHOD_MATCH = YES;
				COPY_PHASE_STRIP = NO;
				DEBUG_INFORMATION_FORMAT = "dwarf-with-dsym";
				ENABLE_NS_ASSERTIONS = NO;
				ENABLE_STRICT_OBJC_MSGSEND = YES;
				GCC_C_LANGUAGE_STANDARD = gnu11;
				GCC_NO_COMMON_BLOCKS = YES;
				GCC_WARN_64_TO_32_BIT_CONVERSION = YES;
				GCC_WARN_ABOUT_RETURN_TYPE = YES_ERROR;
				GCC_WARN_UNDECLARED_SELECTOR = YES;
				GCC_WARN_UNINITIALIZED_AUTOS = YES_AGGRESSIVE;
				GCC_WARN_UNUSED_FUNCTION = YES;
				GCC_WARN_UNUSED_VARIABLE = YES;
				IPHONEOS_DEPLOYMENT_TARGET = 15.5;
				MTL_ENABLE_DEBUG_INFO = NO;
				MTL_FAST_MATH = YES;
				SDKROOT = iphoneos;
				SWIFT_COMPILATION_MODE = wholemodule;
				SWIFT_OPTIMIZATION_LEVEL = "-O";
				VALIDATE_PRODUCT = YES;
			};
			name = Release;
		};
		847B78B528E5E8D6000DC20A /* Debug */ = {
			isa = XCBuildConfiguration;
			buildSettings = {
				ASSETCATALOG_COMPILER_APPICON_NAME = AppIcon;
				ASSETCATALOG_COMPILER_GLOBAL_ACCENT_COLOR_NAME = AccentColor;
				CODE_SIGN_STYLE = Automatic;
				CURRENT_PROJECT_VERSION = 1;
				DEVELOPMENT_TEAM = 6NXQDZ68FD;
				GENERATE_INFOPLIST_FILE = YES;
				INFOPLIST_FILE = Pebbles/Info.plist;
				INFOPLIST_KEY_UIApplicationSupportsIndirectInputEvents = YES;
				INFOPLIST_KEY_UILaunchStoryboardName = LaunchScreen;
				INFOPLIST_KEY_UISupportedInterfaceOrientations_iPad = "UIInterfaceOrientationPortrait UIInterfaceOrientationPortraitUpsideDown UIInterfaceOrientationLandscapeLeft UIInterfaceOrientationLandscapeRight";
				INFOPLIST_KEY_UISupportedInterfaceOrientations_iPhone = "UIInterfaceOrientationPortrait UIInterfaceOrientationLandscapeLeft UIInterfaceOrientationLandscapeRight";
				IPHONEOS_DEPLOYMENT_TARGET = 14.0;
				LD_RUNPATH_SEARCH_PATHS = (
					"$(inherited)",
					"@executable_path/Frameworks",
				);
				MARKETING_VERSION = 1.0;
				PRODUCT_BUNDLE_IDENTIFIER = com.harupuppy.Pebbles;
				PRODUCT_NAME = "$(TARGET_NAME)";
				SWIFT_EMIT_LOC_STRINGS = YES;
				SWIFT_VERSION = 5.0;
				TARGETED_DEVICE_FAMILY = "1,2";
			};
			name = Debug;
		};
		847B78B628E5E8D6000DC20A /* Release */ = {
			isa = XCBuildConfiguration;
			buildSettings = {
				ASSETCATALOG_COMPILER_APPICON_NAME = AppIcon;
				ASSETCATALOG_COMPILER_GLOBAL_ACCENT_COLOR_NAME = AccentColor;
				CODE_SIGN_STYLE = Automatic;
				CURRENT_PROJECT_VERSION = 1;
				DEVELOPMENT_TEAM = 6NXQDZ68FD;
				GENERATE_INFOPLIST_FILE = YES;
				INFOPLIST_FILE = Pebbles/Info.plist;
				INFOPLIST_KEY_UIApplicationSupportsIndirectInputEvents = YES;
				INFOPLIST_KEY_UILaunchStoryboardName = LaunchScreen;
				INFOPLIST_KEY_UISupportedInterfaceOrientations_iPad = "UIInterfaceOrientationPortrait UIInterfaceOrientationPortraitUpsideDown UIInterfaceOrientationLandscapeLeft UIInterfaceOrientationLandscapeRight";
				INFOPLIST_KEY_UISupportedInterfaceOrientations_iPhone = "UIInterfaceOrientationPortrait UIInterfaceOrientationLandscapeLeft UIInterfaceOrientationLandscapeRight";
				IPHONEOS_DEPLOYMENT_TARGET = 14.0;
				LD_RUNPATH_SEARCH_PATHS = (
					"$(inherited)",
					"@executable_path/Frameworks",
				);
				MARKETING_VERSION = 1.0;
				PRODUCT_BUNDLE_IDENTIFIER = com.harupuppy.Pebbles;
				PRODUCT_NAME = "$(TARGET_NAME)";
				SWIFT_EMIT_LOC_STRINGS = YES;
				SWIFT_VERSION = 5.0;
				TARGETED_DEVICE_FAMILY = "1,2";
			};
			name = Release;
		};
/* End XCBuildConfiguration section */

/* Begin XCConfigurationList section */
		847B789B28E5E8D3000DC20A /* Build configuration list for PBXProject "Pebbles" */ = {
			isa = XCConfigurationList;
			buildConfigurations = (
				847B78B228E5E8D6000DC20A /* Debug */,
				847B78B328E5E8D6000DC20A /* Release */,
			);
			defaultConfigurationIsVisible = 0;
			defaultConfigurationName = Release;
		};
		847B78B428E5E8D6000DC20A /* Build configuration list for PBXNativeTarget "Pebbles" */ = {
			isa = XCConfigurationList;
			buildConfigurations = (
				847B78B528E5E8D6000DC20A /* Debug */,
				847B78B628E5E8D6000DC20A /* Release */,
			);
			defaultConfigurationIsVisible = 0;
			defaultConfigurationName = Release;
		};
/* End XCConfigurationList section */
	};
	rootObject = 847B789828E5E8D3000DC20A /* Project object */;
}
